// !$*UTF8*$!
{
	archiveVersion = 1;
	classes = {
	};
	objectVersion = 46;
	objects = {

/* Begin PBXBuildFile section */
		217B79BE1B8F1B8800FF2797 /* liblibuecho.a in Frameworks */ = {isa = PBXBuildFile; fileRef = 217B79B51B8F1B6800FF2797 /* liblibuecho.a */; };
		217B79C11B8F1BB200FF2797 /* uechosearch.c in Sources */ = {isa = PBXBuildFile; fileRef = 217B79C01B8F1BB200FF2797 /* uechosearch.c */; };
/* End PBXBuildFile section */

/* Begin PBXContainerItemProxy section */
		217B79B41B8F1B6800FF2797 /* PBXContainerItemProxy */ = {
			isa = PBXContainerItemProxy;
			containerPortal = 217B79B01B8F1B6800FF2797 /* libuecho.xcodeproj */;
			proxyType = 2;
			remoteGlobalIDString = 212ADD881A8D4F000054EC0F;
			remoteInfo = libuecho;
		};
		217B79BC1B8F1B8300FF2797 /* PBXContainerItemProxy */ = {
			isa = PBXContainerItemProxy;
			containerPortal = 217B79B01B8F1B6800FF2797 /* libuecho.xcodeproj */;
			proxyType = 1;
			remoteGlobalIDString = 212ADD871A8D4F000054EC0F;
			remoteInfo = libuecho;
		};
/* End PBXContainerItemProxy section */

/* Begin PBXCopyFilesBuildPhase section */
		2153A5EB1B8F14C000FAE69A /* CopyFiles */ = {
			isa = PBXCopyFilesBuildPhase;
			buildActionMask = 2147483647;
			dstPath = /usr/share/man/man1/;
			dstSubfolderSpec = 0;
			files = (
			);
			runOnlyForDeploymentPostprocessing = 1;
		};
/* End PBXCopyFilesBuildPhase section */

/* Begin PBXFileReference section */
		2153A5ED1B8F14C000FAE69A /* uEchoSearch */ = {isa = PBXFileReference; explicitFileType = "compiled.mach-o.executable"; includeInIndex = 0; path = uEchoSearch; sourceTree = BUILT_PRODUCTS_DIR; };
		217B79B01B8F1B6800FF2797 /* libuecho.xcodeproj */ = {isa = PBXFileReference; lastKnownFileType = "wrapper.pb-project"; name = libuecho.xcodeproj; path = ../../../../../lib/macosx/xcode/libuecho.xcodeproj; sourceTree = "<group>"; };
		217B79C01B8F1BB200FF2797 /* uechosearch.c */ = {isa = PBXFileReference; fileEncoding = 4; lastKnownFileType = sourcecode.c.c; name = uechosearch.c; path = ../../uechosearch.c; sourceTree = "<group>"; };
/* End PBXFileReference section */

/* Begin PBXFrameworksBuildPhase section */
		2153A5EA1B8F14C000FAE69A /* Frameworks */ = {
			isa = PBXFrameworksBuildPhase;
			buildActionMask = 2147483647;
			files = (
				217B79BE1B8F1B8800FF2797 /* liblibuecho.a in Frameworks */,
			);
			runOnlyForDeploymentPostprocessing = 0;
		};
/* End PBXFrameworksBuildPhase section */

/* Begin PBXGroup section */
		2153A5E41B8F14C000FAE69A = {
			isa = PBXGroup;
			children = (
				217B79AE1B8F1B4100FF2797 /* Sources */,
				217B79AD1B8F1B3700FF2797 /* Frameworks */,
				2153A5EE1B8F14C000FAE69A /* Products */,
			);
			sourceTree = "<group>";
		};
		2153A5EE1B8F14C000FAE69A /* Products */ = {
			isa = PBXGroup;
			children = (
				2153A5ED1B8F14C000FAE69A /* uEchoSearch */,
			);
			name = Products;
			sourceTree = "<group>";
		};
		217B79AD1B8F1B3700FF2797 /* Frameworks */ = {
			isa = PBXGroup;
			children = (
				217B79B01B8F1B6800FF2797 /* libuecho.xcodeproj */,
			);
			name = Frameworks;
			sourceTree = "<group>";
		};
		217B79AE1B8F1B4100FF2797 /* Sources */ = {
			isa = PBXGroup;
			children = (
				217B79C01B8F1BB200FF2797 /* uechosearch.c */,
			);
			name = Sources;
			sourceTree = "<group>";
		};
		217B79B11B8F1B6800FF2797 /* Products */ = {
			isa = PBXGroup;
			children = (
				217B79B51B8F1B6800FF2797 /* liblibuecho.a */,
			);
			name = Products;
			sourceTree = "<group>";
		};
/* End PBXGroup section */

/* Begin PBXNativeTarget section */
		2153A5EC1B8F14C000FAE69A /* uEchoSearch */ = {
			isa = PBXNativeTarget;
			buildConfigurationList = 2153A5F41B8F14C000FAE69A /* Build configuration list for PBXNativeTarget "uEchoSearch" */;
			buildPhases = (
				2153A5E91B8F14C000FAE69A /* Sources */,
				2153A5EA1B8F14C000FAE69A /* Frameworks */,
				2153A5EB1B8F14C000FAE69A /* CopyFiles */,
			);
			buildRules = (
			);
			dependencies = (
				217B79BD1B8F1B8300FF2797 /* PBXTargetDependency */,
			);
			name = uEchoSearch;
			productName = uEchoSearch;
			productReference = 2153A5ED1B8F14C000FAE69A /* uEchoSearch */;
			productType = "com.apple.product-type.tool";
		};
/* End PBXNativeTarget section */

/* Begin PBXProject section */
		2153A5E51B8F14C000FAE69A /* Project object */ = {
			isa = PBXProject;
			attributes = {
				LastUpgradeCheck = 0700;
				ORGANIZATIONNAME = cybergarage;
				TargetAttributes = {
					2153A5EC1B8F14C000FAE69A = {
						CreatedOnToolsVersion = 6.4;
					};
				};
			};
			buildConfigurationList = 2153A5E81B8F14C000FAE69A /* Build configuration list for PBXProject "uEchoSearch" */;
			compatibilityVersion = "Xcode 3.2";
			developmentRegion = English;
			hasScannedForEncodings = 0;
			knownRegions = (
				en,
			);
			mainGroup = 2153A5E41B8F14C000FAE69A;
			productRefGroup = 2153A5EE1B8F14C000FAE69A /* Products */;
			projectDirPath = "";
			projectReferences = (
				{
					ProductGroup = 217B79B11B8F1B6800FF2797 /* Products */;
					ProjectRef = 217B79B01B8F1B6800FF2797 /* libuecho.xcodeproj */;
				},
			);
			projectRoot = "";
			targets = (
				2153A5EC1B8F14C000FAE69A /* uEchoSearch */,
			);
		};
/* End PBXProject section */

/* Begin PBXReferenceProxy section */
		217B79B51B8F1B6800FF2797 /* liblibuecho.a */ = {
			isa = PBXReferenceProxy;
			fileType = archive.ar;
			path = liblibuecho.a;
			remoteRef = 217B79B41B8F1B6800FF2797 /* PBXContainerItemProxy */;
			sourceTree = BUILT_PRODUCTS_DIR;
		};
/* End PBXReferenceProxy section */

/* Begin PBXSourcesBuildPhase section */
		2153A5E91B8F14C000FAE69A /* Sources */ = {
			isa = PBXSourcesBuildPhase;
			buildActionMask = 2147483647;
			files = (
				217B79C11B8F1BB200FF2797 /* uechosearch.c in Sources */,
			);
			runOnlyForDeploymentPostprocessing = 0;
		};
/* End PBXSourcesBuildPhase section */

/* Begin PBXTargetDependency section */
		217B79BD1B8F1B8300FF2797 /* PBXTargetDependency */ = {
			isa = PBXTargetDependency;
			name = libuecho;
			targetProxy = 217B79BC1B8F1B8300FF2797 /* PBXContainerItemProxy */;
		};
/* End PBXTargetDependency section */

/* Begin XCBuildConfiguration section */
		2153A5F21B8F14C000FAE69A /* Debug */ = {
			isa = XCBuildConfiguration;
			buildSettings = {
				ALWAYS_SEARCH_USER_PATHS = NO;
				CLANG_CXX_LANGUAGE_STANDARD = "gnu++0x";
				CLANG_CXX_LIBRARY = "libc++";
				CLANG_ENABLE_MODULES = YES;
				CLANG_ENABLE_OBJC_ARC = YES;
				CLANG_WARN_BOOL_CONVERSION = YES;
				CLANG_WARN_CONSTANT_CONVERSION = YES;
				CLANG_WARN_DIRECT_OBJC_ISA_USAGE = YES_ERROR;
				CLANG_WARN_EMPTY_BODY = YES;
				CLANG_WARN_ENUM_CONVERSION = YES;
				CLANG_WARN_INT_CONVERSION = YES;
				CLANG_WARN_OBJC_ROOT_CLASS = YES_ERROR;
				CLANG_WARN_UNREACHABLE_CODE = YES;
				CLANG_WARN__DUPLICATE_METHOD_MATCH = YES;
				COPY_PHASE_STRIP = NO;
				DEBUG_INFORMATION_FORMAT = dwarf;
				ENABLE_STRICT_OBJC_MSGSEND = YES;
				ENABLE_TESTABILITY = YES;
				GCC_C_LANGUAGE_STANDARD = gnu99;
				GCC_DYNAMIC_NO_PIC = NO;
				GCC_NO_COMMON_BLOCKS = YES;
				GCC_OPTIMIZATION_LEVEL = 0;
				GCC_PREPROCESSOR_DEFINITIONS = (
					"DEBUG=1",
					"$(inherited)",
				);
				GCC_SYMBOLS_PRIVATE_EXTERN = NO;
				GCC_WARN_64_TO_32_BIT_CONVERSION = YES;
				GCC_WARN_ABOUT_RETURN_TYPE = YES_ERROR;
				GCC_WARN_UNDECLARED_SELECTOR = YES;
				GCC_WARN_UNINITIALIZED_AUTOS = YES_AGGRESSIVE;
				GCC_WARN_UNUSED_FUNCTION = YES;
				GCC_WARN_UNUSED_VARIABLE = YES;
				HEADER_SEARCH_PATHS = (
					"$(inherited)",
					/Applications/Xcode.app/Contents/Developer/Toolchains/XcodeDefault.xctoolchain/usr/include,
					../../../../../include/,
				);
				MACOSX_DEPLOYMENT_TARGET = 10.10;
				MTL_ENABLE_DEBUG_INFO = YES;
				ONLY_ACTIVE_ARCH = YES;
				SDKROOT = macosx;
			};
			name = Debug;
		};
		2153A5F31B8F14C000FAE69A /* Release */ = {
			isa = XCBuildConfiguration;
			buildSettings = {
				ALWAYS_SEARCH_USER_PATHS = NO;
				CLANG_CXX_LANGUAGE_STANDARD = "gnu++0x";
				CLANG_CXX_LIBRARY = "libc++";
				CLANG_ENABLE_MODULES = YES;
				CLANG_ENABLE_OBJC_ARC = YES;
				CLANG_WARN_BOOL_CONVERSION = YES;
				CLANG_WARN_CONSTANT_CONVERSION = YES;
				CLANG_WARN_DIRECT_OBJC_ISA_USAGE = YES_ERROR;
				CLANG_WARN_EMPTY_BODY = YES;
				CLANG_WARN_ENUM_CONVERSION = YES;
				CLANG_WARN_INT_CONVERSION = YES;
				CLANG_WARN_OBJC_ROOT_CLASS = YES_ERROR;
				CLANG_WARN_UNREACHABLE_CODE = YES;
				CLANG_WARN__DUPLICATE_METHOD_MATCH = YES;
				COPY_PHASE_STRIP = NO;
				DEBUG_INFORMATION_FORMAT = "dwarf-with-dsym";
				ENABLE_NS_ASSERTIONS = NO;
				ENABLE_STRICT_OBJC_MSGSEND = YES;
				GCC_C_LANGUAGE_STANDARD = gnu99;
				GCC_NO_COMMON_BLOCKS = YES;
				GCC_WARN_64_TO_32_BIT_CONVERSION = YES;
				GCC_WARN_ABOUT_RETURN_TYPE = YES_ERROR;
				GCC_WARN_UNDECLARED_SELECTOR = YES;
				GCC_WARN_UNINITIALIZED_AUTOS = YES_AGGRESSIVE;
				GCC_WARN_UNUSED_FUNCTION = YES;
				GCC_WARN_UNUSED_VARIABLE = YES;
				HEADER_SEARCH_PATHS = (
					"$(inherited)",
					/Applications/Xcode.app/Contents/Developer/Toolchains/XcodeDefault.xctoolchain/usr/include,
					../../../../../include/,
				);
				MACOSX_DEPLOYMENT_TARGET = 10.10;
				MTL_ENABLE_DEBUG_INFO = NO;
				SDKROOT = macosx;
			};
			name = Release;
		};
		2153A5F51B8F14C000FAE69A /* Debug */ = {
			isa = XCBuildConfiguration;
			buildSettings = {
				PRODUCT_NAME = "$(TARGET_NAME)";
			};
			name = Debug;
		};
		2153A5F61B8F14C000FAE69A /* Release */ = {
			isa = XCBuildConfiguration;
			buildSettings = {
				PRODUCT_NAME = "$(TARGET_NAME)";
			};
			name = Release;
		};
/* End XCBuildConfiguration section */

/* Begin XCConfigurationList section */
		2153A5E81B8F14C000FAE69A /* Build configuration list for PBXProject "uEchoSearch" */ = {
			isa = XCConfigurationList;
			buildConfigurations = (
				2153A5F21B8F14C000FAE69A /* Debug */,
				2153A5F31B8F14C000FAE69A /* Release */,
			);
			defaultConfigurationIsVisible = 0;
			defaultConfigurationName = Release;
		};
		2153A5F41B8F14C000FAE69A /* Build configuration list for PBXNativeTarget "uEchoSearch" */ = {
			isa = XCConfigurationList;
			buildConfigurations = (
				2153A5F51B8F14C000FAE69A /* Debug */,
				2153A5F61B8F14C000FAE69A /* Release */,
			);
			defaultConfigurationIsVisible = 0;
			defaultConfigurationName = Release;
		};
/* End XCConfigurationList section */
	};
	rootObject = 2153A5E51B8F14C000FAE69A /* Project object */;
}
