// !$*UTF8*$!
{
	archiveVersion = 1;
	classes = {
	};
	objectVersion = 46;
	objects = {

/* Begin PBXBuildFile section */
		21B1B2F31B8F1C8700873DBA /* lighting_dev.c in Sources */ = {isa = PBXBuildFile; fileRef = 21B1B2F11B8F1C8700873DBA /* lighting_dev.c */; };
		21B1B2F41B8F1C8700873DBA /* main.c in Sources */ = {isa = PBXBuildFile; fileRef = 21B1B2F21B8F1C8700873DBA /* main.c */; };
		21B1B2F81B8F1DD200873DBA /* liblibuecho.a in Frameworks */ = {isa = PBXBuildFile; fileRef = 217B79BB1B8F1B7300FF2797 /* liblibuecho.a */; };
/* End PBXBuildFile section */

/* Begin PBXBuildRule section */
		217B79BF1B8F1B9400FF2797 /* PBXBuildRule */ = {
			isa = PBXBuildRule;
			compilerSpec = com.apple.compilers.proxy.script;
			fileType = pattern.proxy;
			isEditable = 1;
			outputFiles = (
			);
			script = "";
		};
/* End PBXBuildRule section */

/* Begin PBXContainerItemProxy section */
		217B79BA1B8F1B7300FF2797 /* PBXContainerItemProxy */ = {
			isa = PBXContainerItemProxy;
			containerPortal = 217B79B61B8F1B7300FF2797 /* libuecho.xcodeproj */;
			proxyType = 2;
			remoteGlobalIDString = 212ADD881A8D4F000054EC0F;
			remoteInfo = libuecho;
		};
		21B1B2F61B8F1DCE00873DBA /* PBXContainerItemProxy */ = {
			isa = PBXContainerItemProxy;
			containerPortal = 217B79B61B8F1B7300FF2797 /* libuecho.xcodeproj */;
			proxyType = 1;
			remoteGlobalIDString = 212ADD871A8D4F000054EC0F;
			remoteInfo = libuecho;
		};
/* End PBXContainerItemProxy section */

/* Begin PBXCopyFilesBuildPhase section */
		215CB3421B8F189C000BA7FF /* CopyFiles */ = {
			isa = PBXCopyFilesBuildPhase;
			buildActionMask = 2147483647;
			dstPath = /usr/share/man/man1/;
			dstSubfolderSpec = 0;
			files = (
			);
			runOnlyForDeploymentPostprocessing = 1;
		};
/* End PBXCopyFilesBuildPhase section */

/* Begin PBXFileReference section */
		215CB3441B8F189C000BA7FF /* uecholight.temp_caseinsensitive_rename */ = {isa = PBXFileReference; explicitFileType = "compiled.mach-o.executable"; includeInIndex = 0; path = uecholight.temp_caseinsensitive_rename; sourceTree = BUILT_PRODUCTS_DIR; };
		217B79B61B8F1B7300FF2797 /* libuecho.xcodeproj */ = {isa = PBXFileReference; lastKnownFileType = "wrapper.pb-project"; name = libuecho.xcodeproj; path = ../../../../../lib/macosx/xcode/libuecho.xcodeproj; sourceTree = "<group>"; };
		21B1B2F01B8F1C8700873DBA /* lighting_dev.h */ = {isa = PBXFileReference; fileEncoding = 4; lastKnownFileType = sourcecode.c.h; name = lighting_dev.h; path = ../../lighting_dev.h; sourceTree = "<group>"; };
		21B1B2F11B8F1C8700873DBA /* lighting_dev.c */ = {isa = PBXFileReference; fileEncoding = 4; lastKnownFileType = sourcecode.c.c; name = lighting_dev.c; path = ../../lighting_dev.c; sourceTree = "<group>"; };
		21B1B2F21B8F1C8700873DBA /* main.c */ = {isa = PBXFileReference; fileEncoding = 4; lastKnownFileType = sourcecode.c.c; name = main.c; path = ../../main.c; sourceTree = "<group>"; };
/* End PBXFileReference section */

/* Begin PBXFrameworksBuildPhase section */
		215CB3411B8F189C000BA7FF /* Frameworks */ = {
			isa = PBXFrameworksBuildPhase;
			buildActionMask = 2147483647;
			files = (
				21B1B2F81B8F1DD200873DBA /* liblibuecho.a in Frameworks */,
			);
			runOnlyForDeploymentPostprocessing = 0;
		};
/* End PBXFrameworksBuildPhase section */

/* Begin PBXGroup section */
		215CB33B1B8F189B000BA7FF = {
			isa = PBXGroup;
			children = (
				217B79AF1B8F1B4800FF2797 /* Sources */,
				217B79AC1B8F1B1E00FF2797 /* Frameworks */,
				215CB3451B8F189C000BA7FF /* Products */,
			);
			sourceTree = "<group>";
		};
		215CB3451B8F189C000BA7FF /* Products */ = {
			isa = PBXGroup;
			children = (
				215CB3441B8F189C000BA7FF /* uecholight.temp_caseinsensitive_rename */,
			);
			name = Products;
			sourceTree = "<group>";
		};
		217B79AC1B8F1B1E00FF2797 /* Frameworks */ = {
			isa = PBXGroup;
			children = (
				217B79B61B8F1B7300FF2797 /* libuecho.xcodeproj */,
			);
			name = Frameworks;
			sourceTree = "<group>";
		};
		217B79AF1B8F1B4800FF2797 /* Sources */ = {
			isa = PBXGroup;
			children = (
				21B1B2F01B8F1C8700873DBA /* lighting_dev.h */,
				21B1B2F11B8F1C8700873DBA /* lighting_dev.c */,
				21B1B2F21B8F1C8700873DBA /* main.c */,
			);
			name = Sources;
			sourceTree = "<group>";
		};
		217B79B71B8F1B7300FF2797 /* Products */ = {
			isa = PBXGroup;
			children = (
				217B79BB1B8F1B7300FF2797 /* liblibuecho.a */,
			);
			name = Products;
			sourceTree = "<group>";
		};
/* End PBXGroup section */

/* Begin PBXNativeTarget section */
		215CB3431B8F189C000BA7FF /* uEchoLight */ = {
			isa = PBXNativeTarget;
			buildConfigurationList = 215CB34B1B8F189C000BA7FF /* Build configuration list for PBXNativeTarget "uEchoLight" */;
			buildPhases = (
				215CB3401B8F189C000BA7FF /* Sources */,
				215CB3411B8F189C000BA7FF /* Frameworks */,
				215CB3421B8F189C000BA7FF /* CopyFiles */,
			);
			buildRules = (
				217B79BF1B8F1B9400FF2797 /* PBXBuildRule */,
			);
			dependencies = (
				21B1B2F71B8F1DCE00873DBA /* PBXTargetDependency */,
			);
			name = uEchoLight;
			productName = LightingDev;
			productReference = 215CB3441B8F189C000BA7FF /* uecholight.temp_caseinsensitive_rename */;
			productType = "com.apple.product-type.tool";
		};
/* End PBXNativeTarget section */

/* Begin PBXProject section */
		215CB33C1B8F189B000BA7FF /* Project object */ = {
			isa = PBXProject;
			attributes = {
				LastUpgradeCheck = 0940;
				ORGANIZATIONNAME = cybergarage;
				TargetAttributes = {
					215CB3431B8F189C000BA7FF = {
						CreatedOnToolsVersion = 6.4;
					};
				};
			};
			buildConfigurationList = 215CB33F1B8F189B000BA7FF /* Build configuration list for PBXProject "uecholight" */;
			compatibilityVersion = "Xcode 3.2";
			developmentRegion = English;
			hasScannedForEncodings = 0;
			knownRegions = (
				en,
			);
			mainGroup = 215CB33B1B8F189B000BA7FF;
			productRefGroup = 215CB3451B8F189C000BA7FF /* Products */;
			projectDirPath = "";
			projectReferences = (
				{
					ProductGroup = 217B79B71B8F1B7300FF2797 /* Products */;
					ProjectRef = 217B79B61B8F1B7300FF2797 /* libuecho.xcodeproj */;
				},
			);
			projectRoot = "";
			targets = (
				215CB3431B8F189C000BA7FF /* uEchoLight */,
			);
		};
/* End PBXProject section */

/* Begin PBXReferenceProxy section */
		217B79BB1B8F1B7300FF2797 /* liblibuecho.a */ = {
			isa = PBXReferenceProxy;
			fileType = archive.ar;
			path = liblibuecho.a;
			remoteRef = 217B79BA1B8F1B7300FF2797 /* PBXContainerItemProxy */;
			sourceTree = BUILT_PRODUCTS_DIR;
		};
/* End PBXReferenceProxy section */

/* Begin PBXSourcesBuildPhase section */
		215CB3401B8F189C000BA7FF /* Sources */ = {
			isa = PBXSourcesBuildPhase;
			buildActionMask = 2147483647;
			files = (
				21B1B2F41B8F1C8700873DBA /* main.c in Sources */,
				21B1B2F31B8F1C8700873DBA /* lighting_dev.c in Sources */,
			);
			runOnlyForDeploymentPostprocessing = 0;
		};
/* End PBXSourcesBuildPhase section */

/* Begin PBXTargetDependency section */
		21B1B2F71B8F1DCE00873DBA /* PBXTargetDependency */ = {
			isa = PBXTargetDependency;
			name = libuecho;
			targetProxy = 21B1B2F61B8F1DCE00873DBA /* PBXContainerItemProxy */;
		};
/* End PBXTargetDependency section */

/* Begin XCBuildConfiguration section */
		215CB3491B8F189C000BA7FF /* Debug */ = {
			isa = XCBuildConfiguration;
			buildSettings = {
				ALWAYS_SEARCH_USER_PATHS = NO;
				CLANG_CXX_LANGUAGE_STANDARD = "gnu++0x";
				CLANG_CXX_LIBRARY = "libc++";
				CLANG_ENABLE_MODULES = YES;
				CLANG_ENABLE_OBJC_ARC = YES;
				CLANG_WARN_BLOCK_CAPTURE_AUTORELEASING = YES;
				CLANG_WARN_BOOL_CONVERSION = YES;
				CLANG_WARN_COMMA = YES;
				CLANG_WARN_CONSTANT_CONVERSION = YES;
				CLANG_WARN_DEPRECATED_OBJC_IMPLEMENTATIONS = YES;
				CLANG_WARN_DIRECT_OBJC_ISA_USAGE = YES_ERROR;
				CLANG_WARN_EMPTY_BODY = YES;
				CLANG_WARN_ENUM_CONVERSION = YES;
				CLANG_WARN_INFINITE_RECURSION = YES;
				CLANG_WARN_INT_CONVERSION = YES;
				CLANG_WARN_NON_LITERAL_NULL_CONVERSION = YES;
				CLANG_WARN_OBJC_IMPLICIT_RETAIN_SELF = YES;
				CLANG_WARN_OBJC_LITERAL_CONVERSION = YES;
				CLANG_WARN_OBJC_ROOT_CLASS = YES_ERROR;
				CLANG_WARN_RANGE_LOOP_ANALYSIS = YES;
				CLANG_WARN_STRICT_PROTOTYPES = YES;
				CLANG_WARN_SUSPICIOUS_MOVE = YES;
				CLANG_WARN_UNREACHABLE_CODE = YES;
				CLANG_WARN__DUPLICATE_METHOD_MATCH = YES;
				COPY_PHASE_STRIP = NO;
				DEBUG_INFORMATION_FORMAT = dwarf;
				ENABLE_STRICT_OBJC_MSGSEND = YES;
				ENABLE_TESTABILITY = YES;
				GCC_C_LANGUAGE_STANDARD = gnu99;
				GCC_DYNAMIC_NO_PIC = NO;
				GCC_NO_COMMON_BLOCKS = YES;
				GCC_OPTIMIZATION_LEVEL = 0;
				GCC_PREPROCESSOR_DEFINITIONS = (
					"DEBUG=1",
					"$(inherited)",
				);
				GCC_SYMBOLS_PRIVATE_EXTERN = NO;
				GCC_WARN_64_TO_32_BIT_CONVERSION = YES;
				GCC_WARN_ABOUT_RETURN_TYPE = YES_ERROR;
				GCC_WARN_UNDECLARED_SELECTOR = YES;
				GCC_WARN_UNINITIALIZED_AUTOS = YES_AGGRESSIVE;
				GCC_WARN_UNUSED_FUNCTION = YES;
				GCC_WARN_UNUSED_VARIABLE = YES;
				HEADER_SEARCH_PATHS = (
					"$(inherited)",
					/Applications/Xcode.app/Contents/Developer/Toolchains/XcodeDefault.xctoolchain/usr/include,
					../../../../../include/,
				);
				MACOSX_DEPLOYMENT_TARGET = 10.10;
				MTL_ENABLE_DEBUG_INFO = YES;
				ONLY_ACTIVE_ARCH = YES;
				SDKROOT = macosx;
			};
			name = Debug;
		};
		215CB34A1B8F189C000BA7FF /* Release */ = {
			isa = XCBuildConfiguration;
			buildSettings = {
				ALWAYS_SEARCH_USER_PATHS = NO;
				CLANG_CXX_LANGUAGE_STANDARD = "gnu++0x";
				CLANG_CXX_LIBRARY = "libc++";
				CLANG_ENABLE_MODULES = YES;
				CLANG_ENABLE_OBJC_ARC = YES;
				CLANG_WARN_BLOCK_CAPTURE_AUTORELEASING = YES;
				CLANG_WARN_BOOL_CONVERSION = YES;
				CLANG_WARN_COMMA = YES;
				CLANG_WARN_CONSTANT_CONVERSION = YES;
				CLANG_WARN_DEPRECATED_OBJC_IMPLEMENTATIONS = YES;
				CLANG_WARN_DIRECT_OBJC_ISA_USAGE = YES_ERROR;
				CLANG_WARN_EMPTY_BODY = YES;
				CLANG_WARN_ENUM_CONVERSION = YES;
				CLANG_WARN_INFINITE_RECURSION = YES;
				CLANG_WARN_INT_CONVERSION = YES;
				CLANG_WARN_NON_LITERAL_NULL_CONVERSION = YES;
				CLANG_WARN_OBJC_IMPLICIT_RETAIN_SELF = YES;
				CLANG_WARN_OBJC_LITERAL_CONVERSION = YES;
				CLANG_WARN_OBJC_ROOT_CLASS = YES_ERROR;
				CLANG_WARN_RANGE_LOOP_ANALYSIS = YES;
				CLANG_WARN_STRICT_PROTOTYPES = YES;
				CLANG_WARN_SUSPICIOUS_MOVE = YES;
				CLANG_WARN_UNREACHABLE_CODE = YES;
				CLANG_WARN__DUPLICATE_METHOD_MATCH = YES;
				COPY_PHASE_STRIP = NO;
				DEBUG_INFORMATION_FORMAT = "dwarf-with-dsym";
				ENABLE_NS_ASSERTIONS = NO;
				ENABLE_STRICT_OBJC_MSGSEND = YES;
				GCC_C_LANGUAGE_STANDARD = gnu99;
				GCC_NO_COMMON_BLOCKS = YES;
				GCC_WARN_64_TO_32_BIT_CONVERSION = YES;
				GCC_WARN_ABOUT_RETURN_TYPE = YES_ERROR;
				GCC_WARN_UNDECLARED_SELECTOR = YES;
				GCC_WARN_UNINITIALIZED_AUTOS = YES_AGGRESSIVE;
				GCC_WARN_UNUSED_FUNCTION = YES;
				GCC_WARN_UNUSED_VARIABLE = YES;
				HEADER_SEARCH_PATHS = (
					"$(inherited)",
					/Applications/Xcode.app/Contents/Developer/Toolchains/XcodeDefault.xctoolchain/usr/include,
					../../../../../include/,
				);
				MACOSX_DEPLOYMENT_TARGET = 10.10;
				MTL_ENABLE_DEBUG_INFO = NO;
				SDKROOT = macosx;
			};
			name = Release;
		};
		215CB34C1B8F189C000BA7FF /* Debug */ = {
			isa = XCBuildConfiguration;
			buildSettings = {
				PRODUCT_NAME = uecholight.temp_caseinsensitive_rename;
			};
			name = Debug;
		};
		215CB34D1B8F189C000BA7FF /* Release */ = {
			isa = XCBuildConfiguration;
			buildSettings = {
				PRODUCT_NAME = uecholight.temp_caseinsensitive_rename;
			};
			name = Release;
		};
/* End XCBuildConfiguration section */

/* Begin XCConfigurationList section */
		215CB33F1B8F189B000BA7FF /* Build configuration list for PBXProject "uecholight" */ = {
			isa = XCConfigurationList;
			buildConfigurations = (
				215CB3491B8F189C000BA7FF /* Debug */,
				215CB34A1B8F189C000BA7FF /* Release */,
			);
			defaultConfigurationIsVisible = 0;
			defaultConfigurationName = Release;
		};
		215CB34B1B8F189C000BA7FF /* Build configuration list for PBXNativeTarget "uEchoLight" */ = {
			isa = XCConfigurationList;
			buildConfigurations = (
				215CB34C1B8F189C000BA7FF /* Debug */,
				215CB34D1B8F189C000BA7FF /* Release */,
			);
			defaultConfigurationIsVisible = 0;
			defaultConfigurationName = Release;
		};
/* End XCConfigurationList section */
	};
	rootObject = 215CB33C1B8F189B000BA7FF /* Project object */;
}
