// !$*UTF8*$!
{
	archiveVersion = 1;
	classes = {
	};
	objectVersion = 56;
	objects = {
		01650CE9E37F0B28A3BD150E = {isa = PBXFileReference; lastKnownFileType = sourcecode.c.h; path = uecho/_object.h; sourceTree = "<group>"; };
		0427571A0E6BCA97294D7D27 = {isa = XCBuildConfiguration; buildSettings = {
				"LD_RUNPATH_SEARCH_PATHS[sdk=macosx*]" = "$(inherited) @executable_path/../Frameworks @loader_path/../Frameworks";
				GENERATE_INFOPLIST_FILE = YES;
				HEADER_SEARCH_PATHS = "$(inherited) $(SRCROOT)/../uEcho/Private";
				LD_RUNPATH_SEARCH_PATHS = "$(inherited) @executable_path/Frameworks @loader_path/Frameworks";
				PRODUCT_BUNDLE_IDENTIFIER = org.cybergarage.CGEchoTests;
				PRODUCT_NAME = CGEchoTests;
			}; name = Release; };
		0500FD4D82849B4DE89F78E0 = {isa = XCBuildConfiguration; buildSettings = {
				"LD_RUNPATH_SEARCH_PATHS[sdk=macosx*]" = "$(inherited) @executable_path/../Frameworks @loader_path/../Frameworks";
				GENERATE_INFOPLIST_FILE = YES;
				HEADER_SEARCH_PATHS = "$(inherited) $(SRCROOT)/../uEcho/Private";
				LD_RUNPATH_SEARCH_PATHS = "$(inherited) @executable_path/Frameworks @loader_path/Frameworks";
				PRODUCT_BUNDLE_IDENTIFIER = org.cybergarage.CGEchoTests;
				PRODUCT_NAME = CGEchoTests;
			}; name = Debug; };
		055AF2445CA7331D3D05B1D2 = {isa = PBXGroup; children = (AA2A594115C446EE66B88998, 0A1DA607982F2C5CA494B79C, 1E807F693E675755D90737AC, 81A183F6591434F22475EFD0, 7546A7D6352E19CB07D44A57); path = Private; name = Private; sourceTree = "<group>"; };
		05ACBD9C2387D6D8EFD0EE11 = {isa = PBXBuildFile; fileRef = E127D8890FC51CBBACF6882C; settings = {COMPILER_FLAGS = "-Wno-strict-prototypes -Wno-shorten-64-to-32"; }; };
		066937138985162BE03C3347 = {isa = PBXBuildFile; fileRef = 6C45DAD828D4BD1A276A510B; settings = {COMPILER_FLAGS = "-Wno-strict-prototypes -Wno-shorten-64-to-32"; }; };
		07267D455E179566FD67ED52 = {isa = PBXBuildFile; fileRef = 91C8C74AEDB01904C6C91D7D; settings = {COMPILER_FLAGS = "-Wno-strict-prototypes -Wno-shorten-64-to-32"; }; };
		0A1DA607982F2C5CA494B79C = {isa = PBXFileReference; lastKnownFileType = sourcecode.c.h; path = CGEchoFrame.h; sourceTree = "<group>"; };
		0A36A96EB6AEE3FEC9F4C7C9 = {isa = PBXBuildFile; fileRef = 2F0A273A45B74D9366703909; settings = {COMPILER_FLAGS = "-Wno-strict-prototypes -Wno-shorten-64-to-32"; }; };
		0AA5C0C77D2D974A2083A4D9 = {isa = PBXFileReference; lastKnownFileType = sourcecode.c.c; path = uecho/util/timer.c; sourceTree = "<group>"; };
		0C91C8A7AD67DD1B5AA2B20A = {isa = PBXBuildFile; fileRef = 2547F38BA9701519FB8D81D4; settings = {COMPILER_FLAGS = "-Wno-strict-prototypes -Wno-shorten-64-to-32"; }; };
		0CB1480A016C5B91C4CBF5C9 = {isa = PBXFileReference; lastKnownFileType = sourcecode.c.h; path = CGEchoTypes.h; sourceTree = "<group>"; };
		0CEA4E6EE3A1AC0A674BFE93 = {isa = PBXBuildFile; fileRef = 0CB1480A016C5B91C4CBF5C9; settings = {ATTRIBUTES = (Public, ); }; };
		0D0A5E5F5FDFFD7389A9B0FA = {isa = PBXBuildFile; fileRef = 9F247DC4F2DA75F9818CB665; };
		0D6761B19593B5BADB515269 = {isa = XCBuildConfiguration; buildSettings = {
				"LD_RUNPATH_SEARCH_PATHS[sdk=macosx*]" = "$(inherited) @executable_path/../Frameworks @loader_path/Frameworks";
				CURRENT_PROJECT_VERSION = 1;
				DEFINES_MODULE = YES;
				DYLIB_COMPATIBILITY_VERSION = 1;
				DYLIB_CURRENT_VERSION = 1;
				DYLIB_INSTALL_NAME_BASE = "@rpath";
				GENERATE_INFOPLIST_FILE = YES;
				INSTALL_PATH = "$(LOCAL_LIBRARY_DIR)/Frameworks";
				LD_RUNPATH_SEARCH_PATHS = "$(inherited) @executable_path/Frameworks @loader_path/Frameworks";
				MARKETING_VERSION = 1.0;
				PRODUCT_BUNDLE_IDENTIFIER = org.cybergarage.CGEcho;
				PRODUCT_NAME = CGEcho;
				SKIP_INSTALL = YES;
			}; name = Debug; };
		10A3CE365FB6F9432895A949 = {isa = PBXBuildFile; fileRef = 252E4F7C5B7C5020EE5DC2B5; settings = {COMPILER_FLAGS = "-Wno-strict-prototypes -Wno-shorten-64-to-32"; }; };
		10B0E2D90B4687D299C446AA = {isa = PBXFileReference; lastKnownFileType = sourcecode.c.h; path = uecho/util/logs.h; sourceTree = "<group>"; };
		12657D7BA5FF5E7964A83873 = {isa = PBXFileReference; lastKnownFileType = sourcecode.c.h; path = uecho/std/_database.h; sourceTree = "<group>"; };
		1336F774DCFD0C0A9B9A6F76 = {isa = PBXFileReference; lastKnownFileType = sourcecode.c.c; path = uecho/node.c; sourceTree = "<group>"; };
		1424EE7D64DB1B49D9630E32 = {isa = PBXFileReference; lastKnownFileType = sourcecode.c.h; path = uecho/_property.h; sourceTree = "<group>"; };
		14B60351C20BE0B19338CD65 = {isa = PBXFileReference; lastKnownFileType = sourcecode.c.objc; path = CGEchoController.m; sourceTree = "<group>"; };
		16569A5884F5CEF0A48D1D7B = {isa = PBXFileReference; lastKnownFileType = sourcecode.c.c; path = uecho/property_list.c; sourceTree = "<group>"; };
		16C91D1A7CFFA4BC3F215DDD = {isa = PBXFileReference; lastKnownFileType = sourcecode.c.c; path = uecho/std/device.c; sourceTree = "<group>"; };
		1B9CA73AF20A011750E589A9 = {isa = PBXBuildFile; fileRef = 9207BD7A591B8BF16545D400; settings = {COMPILER_FLAGS = "-Wno-strict-prototypes -Wno-shorten-64-to-32"; }; };
		1DF0E1B00605A08AA17D068A = {isa = PBXFileReference; lastKnownFileType = sourcecode.c.h; path = uecho/frame/server.h; sourceTree = "<group>"; };
		1E807F693E675755D90737AC = {isa = PBXFileReference; lastKnownFileType = sourcecode.c.objc; path = CGEchoFrame.m; sourceTree = "<group>"; };
		24C37F46B082DE81F1883BDF = {isa = PBXFileReference; lastKnownFileType = sourcecode.c.c; path = uecho/message.c; sourceTree = "<group>"; };
		252E4F7C5B7C5020EE5DC2B5 = {isa = PBXFileReference; lastKnownFileType = sourcecode.c.c; path = uecho/util/strings.c; sourceTree = "<group>"; };
		2547F38BA9701519FB8D81D4 = {isa = PBXFileReference; lastKnownFileType = sourcecode.c.c; path = uecho/class.c; sourceTree = "<group>"; };
		257D02A7EDA1042D827A8351 = {isa = PBXBuildFile; fileRef = 1E807F693E675755D90737AC; };
		289DFFB8945EDBA9013A28DA = {isa = PBXBuildFile; fileRef = 6DC2C75AE33A4BDEBCAB6F76; };
		2AC8BA37DAC32D5437812408 = {isa = PBXGroup; children = (86E2DCC45097BAC15C82535C, 4A3FA5786B36DF1F24693AA0); name = Products; sourceTree = "<group>"; };
		2E5AF4F527A3AB62BD3F4345 = {isa = PBXFileReference; lastKnownFileType = sourcecode.c.h; path = CGEchoError.h; sourceTree = "<group>"; };
		2F0A273A45B74D9366703909 = {isa = PBXFileReference; lastKnownFileType = sourcecode.c.c; path = uecho/std/objects_mra.c; sourceTree = "<group>"; };
		3184AC997C8F88876EF76A8C = {isa = PBXGroup; children = (4650013B40F4F8F8F22122A9, 91A18657561AF13763FD8164, 8487A7E073D7F3200558CAB1, A6495F3FB27D29502B5C6570); path = Tests; name = Tests; sourceTree = "<group>"; };
		34C10C80CC0DD49B9848D21B = {isa = PBXFileReference; lastKnownFileType = sourcecode.c.c; path = uecho/frame/mcast_server.c; sourceTree = "<group>"; };
		3CC2559E1E9C5DAA1AA41BD9 = {isa = PBXFileReference; lastKnownFileType = sourcecode.c.c; path = uecho/util/strings_function.c; sourceTree = "<group>"; };
		402B0CCFFEB4AC2EE3A3CAB7 = {isa = PBXBuildFile; fileRef = F29A76395009B3D8C4436798; settings = {COMPILER_FLAGS = "-Wno-strict-prototypes -Wno-shorten-64-to-32"; }; };
		405C390B0DBE6D473C13ADAA = {isa = PBXFileReference; lastKnownFileType = sourcecode.c.h; path = uecho/util/list.h; sourceTree = "<group>"; };
		41E478C2F130DEC5C027CF65 = {isa = PBXFileReference; lastKnownFileType = sourcecode.c.c; path = uecho/net/interface.c; sourceTree = "<group>"; };
		45D1DBC5769590264F3CE54B = {isa = PBXFileReference; lastKnownFileType = sourcecode.c.h; path = uecho/util/thread.h; sourceTree = "<group>"; };
		4650013B40F4F8F8F22122A9 = {isa = PBXFileReference; lastKnownFileType = sourcecode.c.objc; path = CGEchoControllerTests.m; sourceTree = "<group>"; };
		46AF74C44925B54D5F61A512 = {isa = PBXBuildFile; fileRef = 628D561926D7E604D7795EA7; settings = {COMPILER_FLAGS = "-Wno-strict-prototypes -Wno-shorten-64-to-32"; }; };
		46F86FAA6BBF9AC94A7E4595 = {isa = PBXProject; attributes = {LastUpgradeCheck = 1600; }; buildConfigurationList = A1806D8FE767B99D399E13F3; compatibilityVersion = "Xcode 14.0"; developmentRegion = en; hasScannedForEncodings = 0; knownRegions = (en, Base, ); mainGroup = 4EAE695AD1F489F78EA3E1C6; productRefGroup = 2AC8BA37DAC32D5437812408; projectDirPath = ""; projectRoot = ""; targets = (A8DD5153A2F2C822EADCBC21, C744AEAFCAD21896B0C93912); };
		4A3FA5786B36DF1F24693AA0 = {isa = PBXFileReference; explicitFileType = wrapper.cfbundle; includeInIndex = 0; path = CGEchoTests.xctest; sourceTree = BUILT_PRODUCTS_DIR; };
		4EAE695AD1F489F78EA3E1C6 = {isa = PBXGroup; children = (EC92D9EC6B6671F0FA42CB8A, A4F3D87E106C69AD38A40B1C, 3184AC997C8F88876EF76A8C, 2AC8BA37DAC32D5437812408); sourceTree = "<group>"; };
		4F1714D241774A431A6DEA4C = {isa = PBXBuildFile; fileRef = BFDBA1C232AA2D5AC7DE51D1; settings = {COMPILER_FLAGS = "-Wno-strict-prototypes -Wno-shorten-64-to-32"; }; };
		4FFDC8F6DEDA59F5C61E0AB5 = {isa = PBXBuildFile; fileRef = 512CD1D2CF616E1849897FB2; settings = {COMPILER_FLAGS = "-Wno-strict-prototypes -Wno-shorten-64-to-32"; }; };
		503553C24C216072534E32A4 = {isa = PBXBuildFile; fileRef = AFD8B865D665C63483694972; settings = {ATTRIBUTES = (Public, ); }; };
		512CD1D2CF616E1849897FB2 = {isa = PBXFileReference; lastKnownFileType = sourcecode.c.c; path = uecho/std/database.c; sourceTree = "<group>"; };
		52C4E797666FD575322E90D9 = {isa = PBXBuildFile; fileRef = E008ABB80A7CDA0FB01A0F96; settings = {COMPILER_FLAGS = "-Wno-strict-prototypes -Wno-shorten-64-to-32"; }; };
		53B75FADDF42ED395F8A7A15 = {isa = PBXBuildFile; fileRef = 6761DD4DE39A9C293E7601D0; settings = {COMPILER_FLAGS = "-Wno-strict-prototypes -Wno-shorten-64-to-32"; }; };
		53BF3D27D1137EE8A5E9E448 = {isa = PBXFileReference; lastKnownFileType = sourcecode.c.c; path = uecho/util/thread.c; sourceTree = "<group>"; };
		53D6AB748798E42D468EE6AE = {isa = PBXFileReference; lastKnownFileType = sourcecode.c.c; path = uecho/node_listener.c; sourceTree = "<group>"; };
		543195E5243657596FDB195E = {isa = PBXSourcesBuildPhase; buildActionMask = 2147483647; files = (6DA2A6123492A8CE446F9EE2, 839F98F638F043164A21593E, E7AC5E507F967B7494702097); runOnlyForDeploymentPostprocessing = 0; };
		54C002633C4423697BF605BC = {isa = PBXFileReference; lastKnownFileType = sourcecode.c.c; path = uecho/object_list.c; sourceTree = "<group>"; };
		559218734798F593743F67BA = {isa = PBXBuildFile; fileRef = 3CC2559E1E9C5DAA1AA41BD9; settings = {COMPILER_FLAGS = "-Wno-strict-prototypes -Wno-shorten-64-to-32"; }; };
		5735E021B07B1841A5B4CC97 = {isa = PBXFileReference; lastKnownFileType = sourcecode.c.h; path = uecho/frame/property.h; sourceTree = "<group>"; };
		58639FDBF181C01F16091E55 = {isa = PBXBuildFile; fileRef = BA8EA9138DD6C5271DBD7036; settings = {ATTRIBUTES = (Public, ); }; };
		58A5738A9E12BDACF83DD85B = {isa = PBXBuildFile; fileRef = F124E0E50FE032476C7D2B97; settings = {COMPILER_FLAGS = "-Wno-strict-prototypes -Wno-shorten-64-to-32"; }; };
		59606F5D5A151FA3096A81C5 = {isa = PBXBuildFile; fileRef = AA2A594115C446EE66B88998; };
		5A60EF6614CF1D18F22040F7 = {isa = PBXBuildFile; fileRef = F041A8AB2CD4BA55B3DA8F37; settings = {COMPILER_FLAGS = "-Wno-strict-prototypes -Wno-shorten-64-to-32"; }; };
		5B1B597B4FF1353DBEA084FD = {isa = PBXBuildFile; fileRef = ABECE82F07548FBC70AD197E; settings = {COMPILER_FLAGS = "-Wno-strict-prototypes -Wno-shorten-64-to-32"; }; };
		5D4AA67DEB155D942A27E89A = {isa = PBXBuildFile; fileRef = 53D6AB748798E42D468EE6AE; settings = {COMPILER_FLAGS = "-Wno-strict-prototypes -Wno-shorten-64-to-32"; }; };
		5DF4FDF2978A3BFBB001B3E2 = {isa = PBXFileReference; lastKnownFileType = sourcecode.c.c; path = uecho/std/device_super_class.c; sourceTree = "<group>"; };
		5F67DE517C86700CB284DAD9 = {isa = PBXFileReference; lastKnownFileType = sourcecode.c.c; path = uecho/controller_listener.c; sourceTree = "<group>"; };
		604D7EB83C9AB98BED320E5B = {isa = PBXBuildFile; fileRef = C1E31A5D97E617F468D40E94; settings = {COMPILER_FLAGS = "-Wno-strict-prototypes -Wno-shorten-64-to-32"; }; };
		60C9EEC6EB9E42B1F5D1BDAE = {isa = PBXFrameworksBuildPhase; buildActionMask = 2147483647; files = (); runOnlyForDeploymentPostprocessing = 0; };
		614211507A02C9ED16236291 = {isa = PBXFileReference; lastKnownFileType = sourcecode.c.c; path = uecho/class_list.c; sourceTree = "<group>"; };
		628D561926D7E604D7795EA7 = {isa = PBXFileReference; lastKnownFileType = sourcecode.c.c; path = uecho/std/node_profile_class.c; sourceTree = "<group>"; };
		634FFE08E4B42D88A5A0CE7A = {isa = PBXBuildFile; fileRef = 54C002633C4423697BF605BC; settings = {COMPILER_FLAGS = "-Wno-strict-prototypes -Wno-shorten-64-to-32"; }; };
		6477585C00086A1E3C02D4CC = {isa = PBXFrameworksBuildPhase; buildActionMask = 2147483647; files = (C9FB2A0FEE38778835884D9E); runOnlyForDeploymentPostprocessing = 0; };
		64CB69A5A34AE4C7EA17DFD0 = {isa = PBXBuildFile; fileRef = 708728067C9588CF40ADDB9B; };
		65BC246A9373DAE1A90501AD = {isa = PBXFileReference; lastKnownFileType = sourcecode.c.c; path = uecho/node_list.c; sourceTree = "<group>"; };
		65FE4F9AA9DE15FD2D4EB2C8 = {isa = PBXBuildFile; fileRef = 0AA5C0C77D2D974A2083A4D9; settings = {COMPILER_FLAGS = "-Wno-strict-prototypes -Wno-shorten-64-to-32"; }; };
		6685DDBF99294D6082B58119 = {isa = PBXFileReference; lastKnownFileType = sourcecode.c.h; path = uecho/util/cond.h; sourceTree = "<group>"; };
		6761DD4DE39A9C293E7601D0 = {isa = PBXFileReference; lastKnownFileType = sourcecode.c.c; path = uecho/net/interface_list.c; sourceTree = "<group>"; };
		67E86F8912413C3E3DB0E121 = {isa = PBXTargetDependency; target = A8DD5153A2F2C822EADCBC21; targetProxy = 96743CD1456B0533B6409B4C; };
		695560CD75AB0A961FF2EF0E = {isa = PBXBuildFile; fileRef = B85482F4C0A9685E3CD402D7; settings = {COMPILER_FLAGS = "-Wno-strict-prototypes -Wno-shorten-64-to-32"; }; };
		69AB501A03448BC6BDDFDD8B = {isa = PBXBuildFile; fileRef = 5DF4FDF2978A3BFBB001B3E2; settings = {COMPILER_FLAGS = "-Wno-strict-prototypes -Wno-shorten-64-to-32"; }; };
		6A34CB10D402E80CE50CE624 = {isa = PBXBuildFile; fileRef = 979033FCF856DB0F0696916B; };
		6AFE22E70BE079CBB63426F8 = {isa = XCBuildConfiguration; buildSettings = {
				ALWAYS_SEARCH_USER_PATHS = NO;
				CLANG_ENABLE_MODULES = YES;
				CLANG_ENABLE_OBJC_ARC = YES;
				CLANG_ENABLE_OBJC_WEAK = YES;
				CLANG_WARN_BLOCK_CAPTURE_AUTORELEASING = YES;
				CLANG_WARN_DOCUMENTATION_COMMENTS = YES;
				CLANG_WARN_OBJC_IMPLICIT_RETAIN_SELF = YES;
				CODE_SIGN_IDENTITY = "-";
				CODE_SIGN_STYLE = Automatic;
				DEBUG_INFORMATION_FORMAT = "dwarf-with-dsym";
				ENABLE_NS_ASSERTIONS = NO;
				GCC_C_LANGUAGE_STANDARD = gnu11;
				GCC_WARN_UNUSED_VARIABLE = YES;
				HEADER_SEARCH_PATHS = "$(SRCROOT)/../../../include $(SRCROOT)/../../../src";
				IPHONEOS_DEPLOYMENT_TARGET = 15.4;
				MACOSX_DEPLOYMENT_TARGET = 12.0;
				SDKROOT = auto;
				SUPPORTED_PLATFORMS = "iphoneos iphonesimulator macosx";
				SUPPORTS_MACCATALYST = NO;
				TARGETED_DEVICE_FAMILY = "1,2";
			}; name = Release; };
		6C45DAD828D4BD1A276A510B = {isa = PBXFileReference; lastKnownFileType = sourcecode.c.c; path = uecho/frame/object_property_observer_manager.c; sourceTree = "<group>"; };
		6C75B07412A014A0956EAB39 = {isa = PBXFileReference; lastKnownFileType = sourcecode.c.c; path = uecho/controller.c; sourceTree = "<group>"; };
		6CF4A207C69C08D6D58C0824 = {isa = PBXBuildFile; fileRef = 7546A7D6352E19CB07D44A57; };
		6D26B10DA0A94FBB05659FAB = {isa = XCBuildConfiguration; buildSettings = {
				"LD_RUNPATH_SEARCH_PATHS[sdk=macosx*]" = "$(inherited) @executable_path/../Frameworks @loader_path/Frameworks";
				CURRENT_PROJECT_VERSION = 1;
				DEFINES_MODULE = YES;
				DYLIB_COMPATIBILITY_VERSION = 1;
				DYLIB_CURRENT_VERSION = 1;
				DYLIB_INSTALL_NAME_BASE = "@rpath";
				GENERATE_INFOPLIST_FILE = YES;
				INSTALL_PATH = "$(LOCAL_LIBRARY_DIR)/Frameworks";
				LD_RUNPATH_SEARCH_PATHS = "$(inherited) @executable_path/Frameworks @loader_path/Frameworks";
				MARKETING_VERSION = 1.0;
				PRODUCT_BUNDLE_IDENTIFIER = org.cybergarage.CGEcho;
				PRODUCT_NAME = CGEcho;
				SKIP_INSTALL = YES;
			}; name = Release; };
		6DA2A6123492A8CE446F9EE2 = {isa = PBXBuildFile; fileRef = 4650013B40F4F8F8F22122A9; };
		6DC2C75AE33A4BDEBCAB6F76 = {isa = PBXFileReference; lastKnownFileType = sourcecode.c.objc; path = CGEchoControllerConfiguration.m; sourceTree = "<group>"; };
		6DE9316A33EBE4022D4F6715 = {isa = PBXFileReference; lastKnownFileType = sourcecode.c.h; path = uecho/util/strings.h; sourceTree = "<group>"; };
		6DED84587B66A923272642C3 = {isa = PBXBuildFile; fileRef = 9511D4037B4D97147362E823; settings = {COMPILER_FLAGS = "-Wno-strict-prototypes -Wno-shorten-64-to-32"; }; };
		6E9BD00848821CB89D204A14 = {isa = PBXBuildFile; fileRef = DF94D04E245AC35299860A30; settings = {COMPILER_FLAGS = "-Wno-strict-prototypes -Wno-shorten-64-to-32"; }; };
		6F85031E4D13F945BD057982 = {isa = PBXBuildFile; fileRef = 16569A5884F5CEF0A48D1D7B; settings = {COMPILER_FLAGS = "-Wno-strict-prototypes -Wno-shorten-64-to-32"; }; };
		708028E88635A91AD27BDCE2 = {isa = PBXBuildFile; fileRef = 81A183F6591434F22475EFD0; };
		708728067C9588CF40ADDB9B = {isa = PBXFileReference; lastKnownFileType = sourcecode.c.objc; path = CGEchoError.m; sourceTree = "<group>"; };
		7141E83EE3723C66C6125E92 = {isa = PBXFileReference; lastKnownFileType = sourcecode.c.h; path = uecho/frame/observer.h; sourceTree = "<group>"; };
		71FC6B325D745B3B350CB2C8 = {isa = PBXBuildFile; fileRef = 9AE7776F64549327BEFD188B; settings = {COMPILER_FLAGS = "-Wno-strict-prototypes -Wno-shorten-64-to-32"; }; };
		7273B96728D00E297D1665FE = {isa = PBXFileReference; lastKnownFileType = sourcecode.c.h; path = uecho/net/socket_opt.h; sourceTree = "<group>"; };
		73603461F9A189667B9A0FED = {isa = PBXFileReference; lastKnownFileType = sourcecode.c.h; path = CGEchoCapabilities.h; sourceTree = "<group>"; };
		74CD83F1B85D33FA09962D88 = {isa = PBXFileReference; lastKnownFileType = sourcecode.c.c; path = uecho/frame/server.c; sourceTree = "<group>"; };
		7546A7D6352E19CB07D44A57 = {isa = PBXFileReference; lastKnownFileType = sourcecode.c.h; path = CGEchoTransport.h; sourceTree = "<group>"; };
		761B93862C7001D1E4B36CDA = {isa = PBXBuildFile; fileRef = 7C99FB19ED84F70C85295FA1; settings = {COMPILER_FLAGS = "-Wno-strict-prototypes -Wno-shorten-64-to-32"; }; };
		785001E34138869B2BFB15C7 = {isa = PBXBuildFile; fileRef = 53BF3D27D1137EE8A5E9E448; settings = {COMPILER_FLAGS = "-Wno-strict-prototypes -Wno-shorten-64-to-32"; }; };
		7932DDC5E0B4E50007817F10 = {isa = PBXFileReference; lastKnownFileType = sourcecode.c.c; path = uecho/std/standard.c; sourceTree = "<group>"; };
		7B0EC192984BA2966C1B2916 = {isa = PBXFileReference; lastKnownFileType = sourcecode.c.c; path = uecho/util/list.c; sourceTree = "<group>"; };
		7B4F1663E44AEC1E98DCC159 = {isa = PBXBuildFile; fileRef = B519167CE28AD54920F401BB; settings = {COMPILER_FLAGS = "-Wno-strict-prototypes -Wno-shorten-64-to-32"; }; };
		7C99FB19ED84F70C85295FA1 = {isa = PBXFileReference; lastKnownFileType = sourcecode.c.c; path = uecho/frame/udp_server_list.c; sourceTree = "<group>"; };
		7D07AF733CE57AF1A5DB4211 = {isa = PBXFileReference; lastKnownFileType = sourcecode.c.h; path = uecho/_uecho.h; sourceTree = "<group>"; };
		7EE34479B656527B4CA09DE0 = {isa = PBXBuildFile; fileRef = 887D8408AD4FBA86B70A9CA1; settings = {COMPILER_FLAGS = "-Wno-strict-prototypes -Wno-shorten-64-to-32"; }; };
		7EE7EABB26CE9CDD2B553B90 = {isa = PBXBuildFile; fileRef = 9B578C94123A6566A4876667; settings = {COMPILER_FLAGS = "-Wno-strict-prototypes -Wno-shorten-64-to-32"; }; };
		80E148E473C8D50CF298C1D5 = {isa = PBXBuildFile; fileRef = 815905253811AF2AB34BD28E; settings = {COMPILER_FLAGS = "-Wno-strict-prototypes -Wno-shorten-64-to-32"; }; };
		81562088D953D827D703E26A = {isa = PBXBuildFile; fileRef = 7932DDC5E0B4E50007817F10; settings = {COMPILER_FLAGS = "-Wno-strict-prototypes -Wno-shorten-64-to-32"; }; };
		815905253811AF2AB34BD28E = {isa = PBXFileReference; lastKnownFileType = sourcecode.c.c; path = uecho/util/bytes.c; sourceTree = "<group>"; };
		81A183F6591434F22475EFD0 = {isa = PBXFileReference; lastKnownFileType = sourcecode.c.h; path = CGEchoInternal.h; sourceTree = "<group>"; };
		81D99E6BB83A09D5E516862D = {isa = PBXFileReference; lastKnownFileType = sourcecode.c.h; path = uecho/util/mutex.h; sourceTree = "<group>"; };
		82DFB5EACAA4133A5E4A0C30 = {isa = PBXFileReference; lastKnownFileType = sourcecode.c.c; path = uecho/util/log.c; sourceTree = "<group>"; };
		839F98F638F043164A21593E = {isa = PBXBuildFile; fileRef = 8487A7E073D7F3200558CAB1; };
		8485A25E4B47D53BA5B8B47E = {isa = PBXBuildFile; fileRef = 7B0EC192984BA2966C1B2916; settings = {COMPILER_FLAGS = "-Wno-strict-prototypes -Wno-shorten-64-to-32"; }; };
		8487A7E073D7F3200558CAB1 = {isa = PBXFileReference; lastKnownFileType = sourcecode.c.objc; path = CGEchoFakeTransport.m; sourceTree = "<group>"; };
		8524AF5B88C7A46E61EFE28B = {isa = PBXFileReference; lastKnownFileType = sourcecode.c.c; path = uecho/std/profile_super_class.c; sourceTree = "<group>"; };
		857F252B158BF752FF0D04BA = {isa = PBXFileReference; lastKnownFileType = sourcecode.c.h; path = uecho/util/_log.h; sourceTree = "<group>"; };
		86E2DCC45097BAC15C82535C = {isa = PBXFileReference; explicitFileType = wrapper.framework; includeInIndex = 0; path = CGEcho.framework; sourceTree = BUILT_PRODUCTS_DIR; };
		86F1DC157904346233696096 = {isa = PBXFileReference; lastKnownFileType = sourcecode.c.c; path = uecho/frame/message_observer_manager.c; sourceTree = "<group>"; };
		870A97594F2632E10DDBF0EA = {isa = PBXFileReference; lastKnownFileType = sourcecode.c.h; path = uecho/net/interface.h; sourceTree = "<group>"; };
		887D8408AD4FBA86B70A9CA1 = {isa = PBXFileReference; lastKnownFileType = sourcecode.c.c; path = uecho/frame/message_observer.c; sourceTree = "<group>"; };
		88C20715D4CEC4D637E789AE = {isa = PBXBuildFile; fileRef = 24C37F46B082DE81F1883BDF; settings = {COMPILER_FLAGS = "-Wno-strict-prototypes -Wno-shorten-64-to-32"; }; };
		8B2A6F2EFEF667816567C388 = {isa = PBXFileReference; lastKnownFileType = sourcecode.c.c; path = uecho/util/logs.c; sourceTree = "<group>"; };
		8B5E8E48C2C518F161A282D4 = {isa = PBXBuildFile; fileRef = A4A1320E6FCB1B813E69302D; settings = {COMPILER_FLAGS = "-Wno-strict-prototypes -Wno-shorten-64-to-32"; }; };
		8CC7278C5FA14DA6B5A0058E = {isa = PBXBuildFile; fileRef = D4D3529BBB2CD22C67A62D7A; settings = {COMPILER_FLAGS = "-Wno-strict-prototypes -Wno-shorten-64-to-32"; }; };
		91A18657561AF13763FD8164 = {isa = PBXFileReference; lastKnownFileType = sourcecode.c.h; path = CGEchoFakeTransport.h; sourceTree = "<group>"; };
		91C8C74AEDB01904C6C91D7D = {isa = PBXFileReference; lastKnownFileType = sourcecode.c.c; path = uecho/util/thread_list.c; sourceTree = "<group>"; };
		9207BD7A591B8BF16545D400 = {isa = PBXFileReference; lastKnownFileType = sourcecode.c.c; path = uecho/manufacture_list.c; sourceTree = "<group>"; };
		9511D4037B4D97147362E823 = {isa = PBXFileReference; lastKnownFileType = sourcecode.c.c; path = uecho/net/net_function.c; sourceTree = "<group>"; };
		96743CD1456B0533B6409B4C = {isa = PBXContainerItemProxy; containerPortal = 46F86FAA6BBF9AC94A7E4595; proxyType = 1; remoteGlobalIDString = A8DD5153A2F2C822EADCBC21; remoteInfo = CGEcho; };
		979033FCF856DB0F0696916B = {isa = PBXFileReference; lastKnownFileType = sourcecode.c.objc; path = CGEchoCapabilities.m; sourceTree = "<group>"; };
		9AE7776F64549327BEFD188B = {isa = PBXFileReference; lastKnownFileType = sourcecode.c.c; path = uecho/property_enum.c; sourceTree = "<group>"; };
		9B578C94123A6566A4876667 = {isa = PBXFileReference; lastKnownFileType = sourcecode.c.c; path = uecho/esv.c; sourceTree = "<group>"; };
		9B5ADC538DD6948AD903ABAF = {isa = PBXSourcesBuildPhase; buildActionMask = 2147483647; files = (6A34CB10D402E80CE50CE624, E4574B8223E417369A1490A5, 289DFFB8945EDBA9013A28DA, 64CB69A5A34AE4C7EA17DFD0, 0D0A5E5F5FDFFD7389A9B0FA, 59606F5D5A151FA3096A81C5, 257D02A7EDA1042D827A8351, 0C91C8A7AD67DD1B5AA2B20A, CCF5E8B2925488AE806ED512, E8AF9AE4F2BDE06CB9670074, C77C406225AD35947D3EDF46, 7EE7EABB26CE9CDD2B553B90, F4C4B699D688E91534D2300B, 6E9BD00848821CB89D204A14, 7EE34479B656527B4CA09DE0, ABD4E0B7610B57494BEEBED8, DCBE0F7C5BB156884C400AFD, B37BC70261C39B21D1A5BA3A, 05ACBD9C2387D6D8EFD0EE11, 066937138985162BE03C3347, D481F0D2FC3C44C179E1E731, 695560CD75AB0A961FF2EF0E, 761B93862C7001D1E4B36CDA, B27553DF099B67D4691800AA, 1B9CA73AF20A011750E589A9, 88C20715D4CEC4D637E789AE, D85ED78C3638977CD2E0CAE2, 604D7EB83C9AB98BED320E5B, C133BE5AD172918D790C1497, C41829BEB7BECCAA995952FC, 5A60EF6614CF1D18F22040F7, 53B75FADDF42ED395F8A7A15, 6DED84587B66A923272642C3, 4F1714D241774A431A6DEA4C, DFAD01D3C1EE057EFB4EC886, E070CBA208F4CFD0BEDD5DAD, BE910C8BFDA7BA6428C20303, 5D4AA67DEB155D942A27E89A, 8B5E8E48C2C518F161A282D4, 634FFE08E4B42D88A5A0CE7A, 5B1B597B4FF1353DBEA084FD, 71FC6B325D745B3B350CB2C8, 8CC7278C5FA14DA6B5A0058E, 6F85031E4D13F945BD057982, 4FFDC8F6DEDA59F5C61E0AB5, B397649065DD91E4E2DF4C25, 69AB501A03448BC6BDDFDD8B, 58A5738A9E12BDACF83DD85B, 46AF74C44925B54D5F61A512, CAC7DD73F586A3341410479C, 0A36A96EB6AEE3FEC9F4C7C9, 7B4F1663E44AEC1E98DCC159, DAA4A511A07A101CC4CC570C, 81562088D953D827D703E26A, 80E148E473C8D50CF298C1D5, 402B0CCFFEB4AC2EE3A3CAB7, 8485A25E4B47D53BA5B8B47E, A8A6B14C60D2B352DCB11EB5, DFC25A90CEE892ADBFDF0AE7, CB69D2D82C596E644088300A, 10A3CE365FB6F9432895A949, 559218734798F593743F67BA, 52C4E797666FD575322E90D9, 785001E34138869B2BFB15C7, 07267D455E179566FD67ED52, 65FE4F9AA9DE15FD2D4EB2C8); runOnlyForDeploymentPostprocessing = 0; };
		9F247DC4F2DA75F9818CB665 = {isa = PBXFileReference; lastKnownFileType = sourcecode.c.objc; path = CGEchoRemoteNode.m; sourceTree = "<group>"; };
		A14E2A20D700F7879C51D9F0 = {isa = PBXBuildFile; fileRef = E77855BE9B447D459A475CD6; settings = {ATTRIBUTES = (Public, ); }; };
		A1806D8FE767B99D399E13F3 = {isa = XCConfigurationList; buildConfigurations = (D48F58F8CA231B2301441318, 6AFE22E70BE079CBB63426F8); defaultConfigurationIsVisible = 0; defaultConfigurationName = Release; };
		A42B02C1D7BD31710BD4E828 = {isa = PBXFileReference; lastKnownFileType = sourcecode.c.h; path = uecho/frame/option.h; sourceTree = "<group>"; };
		A4417ED5BB0E9BF4CCFAF208 = {isa = PBXFileReference; lastKnownFileType = sourcecode.c.h; path = uecho/net/socket.h; sourceTree = "<group>"; };
		A4A1320E6FCB1B813E69302D = {isa = PBXFileReference; lastKnownFileType = sourcecode.c.c; path = uecho/object.c; sourceTree = "<group>"; };
		A4F3D87E106C69AD38A40B1C = {isa = PBXGroup; children = (F13E536677AB0D97F2745898, EAA67AFD9DB912B34046A3C8, D05D2C9E3FBEC5FA721855D3, BB2D6BCF254F8202D7E00FD9, FEE316F6D99A825D1C8ED88A, C6C41143ED2A949D3813F9C0, 01650CE9E37F0B28A3BD150E, 1424EE7D64DB1B49D9630E32, 7D07AF733CE57AF1A5DB4211, 2547F38BA9701519FB8D81D4, 614211507A02C9ED16236291, 6C75B07412A014A0956EAB39, 5F67DE517C86700CB284DAD9, 9B578C94123A6566A4876667, 34C10C80CC0DD49B9848D21B, DF94D04E245AC35299860A30, E789CBCC61C8E3AF66D95EA7, 887D8408AD4FBA86B70A9CA1, C41B706D33416C54CA11A413, 86F1DC157904346233696096, D01E1ABCFDC0EEC61BA48CA6, E127D8890FC51CBBACF6882C, 6C45DAD828D4BD1A276A510B, 7141E83EE3723C66C6125E92, A42B02C1D7BD31710BD4E828, 5735E021B07B1841A5B4CC97, 74CD83F1B85D33FA09962D88, 1DF0E1B00605A08AA17D068A, B85482F4C0A9685E3CD402D7, 7C99FB19ED84F70C85295FA1, E7C0333906487F7229F3A86E, 9207BD7A591B8BF16545D400, 24C37F46B082DE81F1883BDF, B1272F6DF8A38F7C07B83BE9, C1E31A5D97E617F468D40E94, FD5BE4B3B19ABE7BE4B49DAC, 41E478C2F130DEC5C027CF65, 870A97594F2632E10DDBF0EA, F041A8AB2CD4BA55B3DA8F37, 6761DD4DE39A9C293E7601D0, 9511D4037B4D97147362E823, BFDBA1C232AA2D5AC7DE51D1, A4417ED5BB0E9BF4CCFAF208, BB19C398101E65546FB546D7, 7273B96728D00E297D1665FE, 1336F774DCFD0C0A9B9A6F76, 65BC246A9373DAE1A90501AD, 53D6AB748798E42D468EE6AE, A4A1320E6FCB1B813E69302D, 54C002633C4423697BF605BC, ABECE82F07548FBC70AD197E, 9AE7776F64549327BEFD188B, D4D3529BBB2CD22C67A62D7A, 16569A5884F5CEF0A48D1D7B, 12657D7BA5FF5E7964A83873, D3DA11316A9A74751741C286, 512CD1D2CF616E1849897FB2, 16C91D1A7CFFA4BC3F215DDD, 5DF4FDF2978A3BFBB001B3E2, F124E0E50FE032476C7D2B97, 628D561926D7E604D7795EA7, E6D2CC66E7D8D569471D5E14, 2F0A273A45B74D9366703909, B519167CE28AD54920F401BB, 8524AF5B88C7A46E61EFE28B, 7932DDC5E0B4E50007817F10, 857F252B158BF752FF0D04BA, 815905253811AF2AB34BD28E, F29A76395009B3D8C4436798, 6685DDBF99294D6082B58119, 7B0EC192984BA2966C1B2916, 405C390B0DBE6D473C13ADAA, 82DFB5EACAA4133A5E4A0C30, 8B2A6F2EFEF667816567C388, 10B0E2D90B4687D299C446AA, D0C40ED1A26FCC0ACB9B233F, 81D99E6BB83A09D5E516862D, 252E4F7C5B7C5020EE5DC2B5, 6DE9316A33EBE4022D4F6715, 3CC2559E1E9C5DAA1AA41BD9, E008ABB80A7CDA0FB01A0F96, 53BF3D27D1137EE8A5E9E448, 45D1DBC5769590264F3CE54B, 91C8C74AEDB01904C6C91D7D, 0AA5C0C77D2D974A2083A4D9); path = ../../../src; name = libuecho; sourceTree = "<group>"; };
		A6495F3FB27D29502B5C6570 = {isa = PBXFileReference; lastKnownFileType = sourcecode.c.objc; path = CGEchoPropertyMapTests.m; sourceTree = "<group>"; };
		A8A6B14C60D2B352DCB11EB5 = {isa = PBXBuildFile; fileRef = 82DFB5EACAA4133A5E4A0C30; settings = {COMPILER_FLAGS = "-Wno-strict-prototypes -Wno-shorten-64-to-32"; }; };
		A8DD5153A2F2C822EADCBC21 = {isa = PBXNativeTarget; buildConfigurationList = B77FC6C047648A528E519900; buildPhases = (B424FF1084B949AFBE8189C8, 9B5ADC538DD6948AD903ABAF, 60C9EEC6EB9E42B1F5D1BDAE); buildRules = (); dependencies = (); name = CGEcho; productName = CGEcho; productReference = 86E2DCC45097BAC15C82535C; productType = "com.apple.product-type.framework"; };
		AA2A594115C446EE66B88998 = {isa = PBXFileReference; lastKnownFileType = sourcecode.c.objc; path = CGEchoCTransport.m; sourceTree = "<group>"; };
		ABD4E0B7610B57494BEEBED8 = {isa = PBXBuildFile; fileRef = C41B706D33416C54CA11A413; settings = {COMPILER_FLAGS = "-Wno-strict-prototypes -Wno-shorten-64-to-32"; }; };
		ABECE82F07548FBC70AD197E = {isa = PBXFileReference; lastKnownFileType = sourcecode.c.c; path = uecho/property.c; sourceTree = "<group>"; };
		AFD8B865D665C63483694972 = {isa = PBXFileReference; lastKnownFileType = sourcecode.c.h; path = CGEchoControllerConfiguration.h; sourceTree = "<group>"; };
		B1272F6DF8A38F7C07B83BE9 = {isa = PBXFileReference; lastKnownFileType = sourcecode.c.c; path = uecho/message_search.c; sourceTree = "<group>"; };
		B27553DF099B67D4691800AA = {isa = PBXBuildFile; fileRef = E7C0333906487F7229F3A86E; settings = {COMPILER_FLAGS = "-Wno-strict-prototypes -Wno-shorten-64-to-32"; }; };
		B37BC70261C39B21D1A5BA3A = {isa = PBXBuildFile; fileRef = D01E1ABCFDC0EEC61BA48CA6; settings = {COMPILER_FLAGS = "-Wno-strict-prototypes -Wno-shorten-64-to-32"; }; };
		B397649065DD91E4E2DF4C25 = {isa = PBXBuildFile; fileRef = 16C91D1A7CFFA4BC3F215DDD; settings = {COMPILER_FLAGS = "-Wno-strict-prototypes -Wno-shorten-64-to-32"; }; };
		B424FF1084B949AFBE8189C8 = {isa = PBXHeadersBuildPhase; buildActionMask = 2147483647; files = (DEE60FEBA5B1C98F95ABDC66, DC6E5837563B78B0B717119B, 58639FDBF181C01F16091E55, 503553C24C216072534E32A4, E914C78DA1983CD9798813BE, A14E2A20D700F7879C51D9F0, 0CEA4E6EE3A1AC0A674BFE93, E58A731C6AEBC06A894B4191, 708028E88635A91AD27BDCE2, 6CF4A207C69C08D6D58C0824); runOnlyForDeploymentPostprocessing = 0; };
		B519167CE28AD54920F401BB = {isa = PBXFileReference; lastKnownFileType = sourcecode.c.c; path = uecho/std/profile.c; sourceTree = "<group>"; };
		B77FC6C047648A528E519900 = {isa = XCConfigurationList; buildConfigurations = (0D6761B19593B5BADB515269, 6D26B10DA0A94FBB05659FAB); defaultConfigurationIsVisible = 0; defaultConfigurationName = Release; };
		B85482F4C0A9685E3CD402D7 = {isa = PBXFileReference; lastKnownFileType = sourcecode.c.c; path = uecho/frame/udp_server.c; sourceTree = "<group>"; };
		BA8EA9138DD6C5271DBD7036 = {isa = PBXFileReference; lastKnownFileType = sourcecode.c.h; path = CGEchoController.h; sourceTree = "<group>"; };
		BB19C398101E65546FB546D7 = {isa = PBXFileReference; lastKnownFileType = sourcecode.c.c; path = uecho/net/socket_opt.c; sourceTree = "<group>"; };
		BB2D6BCF254F8202D7E00FD9 = {isa = PBXFileReference; lastKnownFileType = sourcecode.c.h; path = uecho/_manufacture.h; sourceTree = "<group>"; };
		BE910C8BFDA7BA6428C20303 = {isa = PBXBuildFile; fileRef = 65BC246A9373DAE1A90501AD; settings = {COMPILER_FLAGS = "-Wno-strict-prototypes -Wno-shorten-64-to-32"; }; };
		BFDBA1C232AA2D5AC7DE51D1 = {isa = PBXFileReference; lastKnownFileType = sourcecode.c.c; path = uecho/net/socket.c; sourceTree = "<group>"; };
		C133BE5AD172918D790C1497 = {isa = PBXBuildFile; fileRef = FD5BE4B3B19ABE7BE4B49DAC; settings = {COMPILER_FLAGS = "-Wno-strict-prototypes -Wno-shorten-64-to-32"; }; };
		C1E31A5D97E617F468D40E94 = {isa = PBXFileReference; lastKnownFileType = sourcecode.c.c; path = uecho/misc.c; sourceTree = "<group>"; };
		C41829BEB7BECCAA995952FC = {isa = PBXBuildFile; fileRef = 41E478C2F130DEC5C027CF65; settings = {COMPILER_FLAGS = "-Wno-strict-prototypes -Wno-shorten-64-to-32"; }; };
		C41B706D33416C54CA11A413 = {isa = PBXFileReference; lastKnownFileType = sourcecode.c.c; path = uecho/frame/message_observer_list.c; sourceTree = "<group>"; };
		C56B0F2E534D4F6779128B52 = {isa = PBXFileReference; lastKnownFileType = sourcecode.c.h; path = CGEcho.h; sourceTree = "<group>"; };
		C6C41143ED2A949D3813F9C0 = {isa = PBXFileReference; lastKnownFileType = sourcecode.c.h; path = uecho/_node.h; sourceTree = "<group>"; };
		C744AEAFCAD21896B0C93912 = {isa = PBXNativeTarget; buildConfigurationList = C949B488C92CB1BAF411EFEE; buildPhases = (543195E5243657596FDB195E, 6477585C00086A1E3C02D4CC); buildRules = (); dependencies = (67E86F8912413C3E3DB0E121); name = CGEchoTests; productName = CGEchoTests; productReference = 4A3FA5786B36DF1F24693AA0; productType = "com.apple.product-type.bundle.unit-test"; };
		C77C406225AD35947D3EDF46 = {isa = PBXBuildFile; fileRef = 5F67DE517C86700CB284DAD9; settings = {COMPILER_FLAGS = "-Wno-strict-prototypes -Wno-shorten-64-to-32"; }; };
		C949B488C92CB1BAF411EFEE = {isa = XCConfigurationList; buildConfigurations = (0500FD4D82849B4DE89F78E0, 0427571A0E6BCA97294D7D27); defaultConfigurationIsVisible = 0; defaultConfigurationName = Release; };
		C9FB2A0FEE38778835884D9E = {isa = PBXBuildFile; fileRef = 86E2DCC45097BAC15C82535C; };
		CAC7DD73F586A3341410479C = {isa = PBXBuildFile; fileRef = E6D2CC66E7D8D569471D5E14; settings = {COMPILER_FLAGS = "-Wno-strict-prototypes -Wno-shorten-64-to-32"; }; };
		CB69D2D82C596E644088300A = {isa = PBXBuildFile; fileRef = D0C40ED1A26FCC0ACB9B233F; settings = {COMPILER_FLAGS = "-Wno-strict-prototypes -Wno-shorten-64-to-32"; }; };
		CCF5E8B2925488AE806ED512 = {isa = PBXBuildFile; fileRef = 614211507A02C9ED16236291; settings = {COMPILER_FLAGS = "-Wno-strict-prototypes -Wno-shorten-64-to-32"; }; };
		D01E1ABCFDC0EEC61BA48CA6 = {isa = PBXFileReference; lastKnownFileType = sourcecode.c.c; path = uecho/frame/object_property_observer.c; sourceTree = "<group>"; };
		D05D2C9E3FBEC5FA721855D3 = {isa = PBXFileReference; lastKnownFileType = sourcecode.c.h; path = uecho/_controller.h; sourceTree = "<group>"; };
		D0C40ED1A26FCC0ACB9B233F = {isa = PBXFileReference; lastKnownFileType = sourcecode.c.c; path = uecho/util/mutex.c; sourceTree = "<group>"; };
		D3DA11316A9A74751741C286 = {isa = PBXFileReference; lastKnownFileType = sourcecode.c.h; path = uecho/std/_standard.h; sourceTree = "<group>"; };
		D481F0D2FC3C44C179E1E731 = {isa = PBXBuildFile; fileRef = 74CD83F1B85D33FA09962D88; settings = {COMPILER_FLAGS = "-Wno-strict-prototypes -Wno-shorten-64-to-32"; }; };
		D48F58F8CA231B2301441318 = {isa = XCBuildConfiguration; buildSettings = {
				ALWAYS_SEARCH_USER_PATHS = NO;
				CLANG_ENABLE_MODULES = YES;
				CLANG_ENABLE_OBJC_ARC = YES;
				CLANG_ENABLE_OBJC_WEAK = YES;
				CLANG_WARN_BLOCK_CAPTURE_AUTORELEASING = YES;
				CLANG_WARN_DOCUMENTATION_COMMENTS = YES;
				CLANG_WARN_OBJC_IMPLICIT_RETAIN_SELF = YES;
				CODE_SIGN_IDENTITY = "-";
				CODE_SIGN_STYLE = Automatic;
				DEBUG_INFORMATION_FORMAT = dwarf;
				ENABLE_TESTABILITY = YES;
				GCC_C_LANGUAGE_STANDARD = gnu11;
				GCC_OPTIMIZATION_LEVEL = 0;
				GCC_PREPROCESSOR_DEFINITIONS = "DEBUG=1 $(inherited)";
				GCC_WARN_UNUSED_VARIABLE = YES;
				HEADER_SEARCH_PATHS = "$(SRCROOT)/../../../include $(SRCROOT)/../../../src";
				IPHONEOS_DEPLOYMENT_TARGET = 15.4;
				MACOSX_DEPLOYMENT_TARGET = 12.0;
				ONLY_ACTIVE_ARCH = YES;
				SDKROOT = auto;
				SUPPORTED_PLATFORMS = "iphoneos iphonesimulator macosx";
				SUPPORTS_MACCATALYST = NO;
				TARGETED_DEVICE_FAMILY = "1,2";
			}; name = Debug; };
		D4D3529BBB2CD22C67A62D7A = {isa = PBXFileReference; lastKnownFileType = sourcecode.c.c; path = uecho/property_enum_list.c; sourceTree = "<group>"; };
		D85ED78C3638977CD2E0CAE2 = {isa = PBXBuildFile; fileRef = B1272F6DF8A38F7C07B83BE9; settings = {COMPILER_FLAGS = "-Wno-strict-prototypes -Wno-shorten-64-to-32"; }; };
		DAA4A511A07A101CC4CC570C = {isa = PBXBuildFile; fileRef = 8524AF5B88C7A46E61EFE28B; settings = {COMPILER_FLAGS = "-Wno-strict-prototypes -Wno-shorten-64-to-32"; }; };
		DC6E5837563B78B0B717119B = {isa = PBXBuildFile; fileRef = 73603461F9A189667B9A0FED; settings = {ATTRIBUTES = (Public, ); }; };
		DCBE0F7C5BB156884C400AFD = {isa = PBXBuildFile; fileRef = 86F1DC157904346233696096; settings = {COMPILER_FLAGS = "-Wno-strict-prototypes -Wno-shorten-64-to-32"; }; };
		DEE60FEBA5B1C98F95ABDC66 = {isa = PBXBuildFile; fileRef = C56B0F2E534D4F6779128B52; settings = {ATTRIBUTES = (Public, ); }; };
		DF94D04E245AC35299860A30 = {isa = PBXFileReference; lastKnownFileType = sourcecode.c.c; path = uecho/frame/mcast_server_list.c; sourceTree = "<group>"; };
		DFAD01D3C1EE057EFB4EC886 = {isa = PBXBuildFile; fileRef = BB19C398101E65546FB546D7; settings = {COMPILER_FLAGS = "-Wno-strict-prototypes -Wno-shorten-64-to-32"; }; };
		DFC25A90CEE892ADBFDF0AE7 = {isa = PBXBuildFile; fileRef = 8B2A6F2EFEF667816567C388; settings = {COMPILER_FLAGS = "-Wno-strict-prototypes -Wno-shorten-64-to-32"; }; };
		E008ABB80A7CDA0FB01A0F96 = {isa = PBXFileReference; lastKnownFileType = sourcecode.c.c; path = uecho/util/strings_tokenizer.c; sourceTree = "<group>"; };
		E070CBA208F4CFD0BEDD5DAD = {isa = PBXBuildFile; fileRef = 1336F774DCFD0C0A9B9A6F76; settings = {COMPILER_FLAGS = "-Wno-strict-prototypes -Wno-shorten-64-to-32"; }; };
		E127D8890FC51CBBACF6882C = {isa = PBXFileReference; lastKnownFileType = sourcecode.c.c; path = uecho/frame/object_property_observer_list.c; sourceTree = "<group>"; };
		E4574B8223E417369A1490A5 = {isa = PBXBuildFile; fileRef = 14B60351C20BE0B19338CD65; };
		E58A731C6AEBC06A894B4191 = {isa = PBXBuildFile; fileRef = 0A1DA607982F2C5CA494B79C; };
		E6D2CC66E7D8D569471D5E14 = {isa = PBXFileReference; lastKnownFileType = sourcecode.c.c; path = uecho/std/object_super_class.c; sourceTree = "<group>"; };
		E77855BE9B447D459A475CD6 = {isa = PBXFileReference; lastKnownFileType = sourcecode.c.h; path = CGEchoRemoteNode.h; sourceTree = "<group>"; };
		E789CBCC61C8E3AF66D95EA7 = {isa = PBXFileReference; lastKnownFileType = sourcecode.c.h; path = uecho/frame/message.h; sourceTree = "<group>"; };
		E7AC5E507F967B7494702097 = {isa = PBXBuildFile; fileRef = A6495F3FB27D29502B5C6570; };
		E7C0333906487F7229F3A86E = {isa = PBXFileReference; lastKnownFileType = sourcecode.c.c; path = uecho/manufacture.c; sourceTree = "<group>"; };
		E8AF9AE4F2BDE06CB9670074 = {isa = PBXBuildFile; fileRef = 6C75B07412A014A0956EAB39; settings = {COMPILER_FLAGS = "-Wno-strict-prototypes -Wno-shorten-64-to-32"; }; };
		E914C78DA1983CD9798813BE = {isa = PBXBuildFile; fileRef = 2E5AF4F527A3AB62BD3F4345; settings = {ATTRIBUTES = (Public, ); }; };
		EAA67AFD9DB912B34046A3C8 = {isa = PBXFileReference; lastKnownFileType = sourcecode.c.h; path = uecho/_const.h; sourceTree = "<group>"; };
		EC92D9EC6B6671F0FA42CB8A = {isa = PBXGroup; children = (C56B0F2E534D4F6779128B52, 73603461F9A189667B9A0FED, 979033FCF856DB0F0696916B, BA8EA9138DD6C5271DBD7036, 14B60351C20BE0B19338CD65, AFD8B865D665C63483694972, 6DC2C75AE33A4BDEBCAB6F76, 2E5AF4F527A3AB62BD3F4345, 708728067C9588CF40ADDB9B, E77855BE9B447D459A475CD6, 9F247DC4F2DA75F9818CB665, 0CB1480A016C5B91C4CBF5C9, 055AF2445CA7331D3D05B1D2); path = ../uEcho; name = uEcho; sourceTree = "<group>"; };
		F041A8AB2CD4BA55B3DA8F37 = {isa = PBXFileReference; lastKnownFileType = sourcecode.c.c; path = uecho/net/interface_function.c; sourceTree = "<group>"; };
		F124E0E50FE032476C7D2B97 = {isa = PBXFileReference; lastKnownFileType = sourcecode.c.c; path = uecho/std/manufacturers.c; sourceTree = "<group>"; };
		F13E536677AB0D97F2745898 = {isa = PBXFileReference; lastKnownFileType = sourcecode.c.h; path = uecho/_class.h; sourceTree = "<group>"; };
		F29A76395009B3D8C4436798 = {isa = PBXFileReference; lastKnownFileType = sourcecode.c.c; path = uecho/util/cond.c; sourceTree = "<group>"; };
		F4C4B699D688E91534D2300B = {isa = PBXBuildFile; fileRef = 34C10C80CC0DD49B9848D21B; settings = {COMPILER_FLAGS = "-Wno-strict-prototypes -Wno-shorten-64-to-32"; }; };
		FD5BE4B3B19ABE7BE4B49DAC = {isa = PBXFileReference; lastKnownFileType = sourcecode.c.c; path = uecho/net/datagram_packet.c; sourceTree = "<group>"; };
		FEE316F6D99A825D1C8ED88A = {isa = PBXFileReference; lastKnownFileType = sourcecode.c.h; path = uecho/_message.h; sourceTree = "<group>"; };
	};
	rootObject = 46F86FAA6BBF9AC94A7E4595;
}
