// !$*UTF8*$!
{
	archiveVersion = 1;
	classes = {
	};
	objectVersion = 55;
	objects = {

/* Begin PBXBuildFile section */
		213DBACB281FE61F0017D1BD /* CGEcho.framework in Frameworks */ = {isa = PBXBuildFile; fileRef = 213DBAC0281FE61F0017D1BD /* CGEcho.framework */; };
		21C8071F282130AD00E33B1C /* CGEchoController.h in Headers */ = {isa = PBXBuildFile; fileRef = 21C8071D282130AD00E33B1C /* CGEchoController.h */; settings = {ATTRIBUTES = (Public, ); }; };
		21C80720282130AD00E33B1C /* CGEchoController.m in Sources */ = {isa = PBXBuildFile; fileRef = 21C8071E282130AD00E33B1C /* CGEchoController.m */; };
		21C807232821341A00E33B1C /* uEchoTests.m in Sources */ = {isa = PBXBuildFile; fileRef = 21C807222821341A00E33B1C /* uEchoTests.m */; };
		21C807252821344E00E33B1C /* CGEcho.h in Headers */ = {isa = PBXBuildFile; fileRef = 21C807242821344E00E33B1C /* CGEcho.h */; settings = {ATTRIBUTES = (Public, ); }; };
		21D5B6672820156A0034B6AB /* libuecho.a in Frameworks */ = {isa = PBXBuildFile; fileRef = 21D5B6662820153C0034B6AB /* libuecho.a */; };
/* End PBXBuildFile section */

/* Begin PBXContainerItemProxy section */
		213DBACC281FE61F0017D1BD /* PBXContainerItemProxy */ = {
			isa = PBXContainerItemProxy;
			containerPortal = 213DBAB7281FE61F0017D1BD /* Project object */;
			proxyType = 1;
			remoteGlobalIDString = 213DBABF281FE61F0017D1BD;
			remoteInfo = uecho;
		};
		21D5B6652820153C0034B6AB /* PBXContainerItemProxy */ = {
			isa = PBXContainerItemProxy;
			containerPortal = 21D5B6612820153B0034B6AB /* libuecho.xcodeproj */;
			proxyType = 2;
			remoteGlobalIDString = 212ADD881A8D4F000054EC0F;
			remoteInfo = libuecho;
		};
		21D5B6682820158E0034B6AB /* PBXContainerItemProxy */ = {
			isa = PBXContainerItemProxy;
			containerPortal = 21D5B6612820153B0034B6AB /* libuecho.xcodeproj */;
			proxyType = 1;
			remoteGlobalIDString = 212ADD871A8D4F000054EC0F;
			remoteInfo = libuecho;
		};
/* End PBXContainerItemProxy section */

/* Begin PBXFileReference section */
		213DBAC0281FE61F0017D1BD /* CGEcho.framework */ = {isa = PBXFileReference; explicitFileType = wrapper.framework; includeInIndex = 0; path = CGEcho.framework; sourceTree = BUILT_PRODUCTS_DIR; };
		213DBACA281FE61F0017D1BD /* CGEchoTests.xctest */ = {isa = PBXFileReference; explicitFileType = wrapper.cfbundle; includeInIndex = 0; path = CGEchoTests.xctest; sourceTree = BUILT_PRODUCTS_DIR; };
		21C8071D282130AD00E33B1C /* CGEchoController.h */ = {isa = PBXFileReference; fileEncoding = 4; lastKnownFileType = sourcecode.c.h; path = CGEchoController.h; sourceTree = "<group>"; };
		21C8071E282130AD00E33B1C /* CGEchoController.m */ = {isa = PBXFileReference; fileEncoding = 4; lastKnownFileType = sourcecode.c.objc; path = CGEchoController.m; sourceTree = "<group>"; };
		21C807222821341A00E33B1C /* uEchoTests.m */ = {isa = PBXFileReference; fileEncoding = 4; lastKnownFileType = sourcecode.c.objc; name = uEchoTests.m; path = Tests/uEchoTests.m; sourceTree = "<group>"; };
		21C807242821344E00E33B1C /* CGEcho.h */ = {isa = PBXFileReference; fileEncoding = 4; lastKnownFileType = sourcecode.c.h; path = CGEcho.h; sourceTree = "<group>"; };
		21D5B6612820153B0034B6AB /* libuecho.xcodeproj */ = {isa = PBXFileReference; lastKnownFileType = "wrapper.pb-project"; name = libuecho.xcodeproj; path = ../../../lib/macosx/xcode/libuecho.xcodeproj; sourceTree = "<group>"; };
/* End PBXFileReference section */

/* Begin PBXFrameworksBuildPhase section */
		213DBABD281FE61F0017D1BD /* Frameworks */ = {
			isa = PBXFrameworksBuildPhase;
			buildActionMask = 2147483647;
			files = (
				21D5B6672820156A0034B6AB /* libuecho.a in Frameworks */,
			);
			runOnlyForDeploymentPostprocessing = 0;
		};
		213DBAC7281FE61F0017D1BD /* Frameworks */ = {
			isa = PBXFrameworksBuildPhase;
			buildActionMask = 2147483647;
			files = (
				213DBACB281FE61F0017D1BD /* CGEcho.framework in Frameworks */,
			);
			runOnlyForDeploymentPostprocessing = 0;
		};
/* End PBXFrameworksBuildPhase section */

/* Begin PBXGroup section */
		213DBAB6281FE61F0017D1BD = {
			isa = PBXGroup;
			children = (
				21D5B653281FE85F0034B6AB /* uEcho */,
				21C80721282133FE00E33B1C /* Tests */,
				21D5B6602820150D0034B6AB /* Frameworks */,
				213DBAC1281FE61F0017D1BD /* Products */,
			);
			sourceTree = "<group>";
		};
		213DBAC1281FE61F0017D1BD /* Products */ = {
			isa = PBXGroup;
			children = (
				213DBAC0281FE61F0017D1BD /* CGEcho.framework */,
				213DBACA281FE61F0017D1BD /* CGEchoTests.xctest */,
			);
			name = Products;
			sourceTree = "<group>";
		};
		21C80721282133FE00E33B1C /* Tests */ = {
			isa = PBXGroup;
			children = (
				21C807222821341A00E33B1C /* uEchoTests.m */,
			);
			name = Tests;
			sourceTree = "<group>";
		};
		21D5B653281FE85F0034B6AB /* uEcho */ = {
			isa = PBXGroup;
			children = (
				21C807242821344E00E33B1C /* CGEcho.h */,
				21C8071D282130AD00E33B1C /* CGEchoController.h */,
				21C8071E282130AD00E33B1C /* CGEchoController.m */,
			);
			path = uEcho;
			sourceTree = "<group>";
		};
		21D5B6602820150D0034B6AB /* Frameworks */ = {
			isa = PBXGroup;
			children = (
				21D5B6612820153B0034B6AB /* libuecho.xcodeproj */,
			);
			name = Frameworks;
			sourceTree = "<group>";
		};
		21D5B6622820153B0034B6AB /* Products */ = {
			isa = PBXGroup;
			children = (
				21D5B6662820153C0034B6AB /* libuecho.a */,
			);
			name = Products;
			sourceTree = "<group>";
		};
/* End PBXGroup section */

/* Begin PBXHeadersBuildPhase section */
		213DBABB281FE61F0017D1BD /* Headers */ = {
			isa = PBXHeadersBuildPhase;
			buildActionMask = 2147483647;
			files = (
				21C8071F282130AD00E33B1C /* CGEchoController.h in Headers */,
				21C807252821344E00E33B1C /* CGEcho.h in Headers */,
			);
			runOnlyForDeploymentPostprocessing = 0;
		};
/* End PBXHeadersBuildPhase section */

/* Begin PBXNativeTarget section */
		213DBABF281FE61F0017D1BD /* CGEcho */ = {
			isa = PBXNativeTarget;
			buildConfigurationList = 213DBAD4281FE61F0017D1BD /* Build configuration list for PBXNativeTarget "CGEcho" */;
			buildPhases = (
				213DBABB281FE61F0017D1BD /* Headers */,
				213DBABC281FE61F0017D1BD /* Sources */,
				213DBABD281FE61F0017D1BD /* Frameworks */,
				213DBABE281FE61F0017D1BD /* Resources */,
			);
			buildRules = (
			);
			dependencies = (
				21D5B6692820158E0034B6AB /* PBXTargetDependency */,
			);
			name = CGEcho;
			productName = uecho;
			productReference = 213DBAC0281FE61F0017D1BD /* CGEcho.framework */;
			productType = "com.apple.product-type.framework";
		};
		213DBAC9281FE61F0017D1BD /* CGEchoTests */ = {
			isa = PBXNativeTarget;
			buildConfigurationList = 213DBAD7281FE61F0017D1BD /* Build configuration list for PBXNativeTarget "CGEchoTests" */;
			buildPhases = (
				213DBAC6281FE61F0017D1BD /* Sources */,
				213DBAC7281FE61F0017D1BD /* Frameworks */,
				213DBAC8281FE61F0017D1BD /* Resources */,
			);
			buildRules = (
			);
			dependencies = (
				213DBACD281FE61F0017D1BD /* PBXTargetDependency */,
			);
			name = CGEchoTests;
			productName = uechoTests;
			productReference = 213DBACA281FE61F0017D1BD /* CGEchoTests.xctest */;
			productType = "com.apple.product-type.bundle.unit-test";
		};
/* End PBXNativeTarget section */

/* Begin PBXProject section */
		213DBAB7281FE61F0017D1BD /* Project object */ = {
			isa = PBXProject;
			attributes = {
				BuildIndependentTargetsInParallel = 1;
				LastUpgradeCheck = 1330;
				TargetAttributes = {
					213DBABF281FE61F0017D1BD = {
						CreatedOnToolsVersion = 13.3.1;
					};
					213DBAC9281FE61F0017D1BD = {
						CreatedOnToolsVersion = 13.3.1;
					};
				};
			};
			buildConfigurationList = 213DBABA281FE61F0017D1BD /* Build configuration list for PBXProject "uEcho4ObjC" */;
			compatibilityVersion = "Xcode 13.0";
			developmentRegion = en;
			hasScannedForEncodings = 0;
			knownRegions = (
				en,
				Base,
			);
			mainGroup = 213DBAB6281FE61F0017D1BD;
			productRefGroup = 213DBAC1281FE61F0017D1BD /* Products */;
			projectDirPath = "";
			projectReferences = (
				{
					ProductGroup = 21D5B6622820153B0034B6AB /* Products */;
					ProjectRef = 21D5B6612820153B0034B6AB /* libuecho.xcodeproj */;
				},
			);
			projectRoot = "";
			targets = (
				213DBABF281FE61F0017D1BD /* CGEcho */,
				213DBAC9281FE61F0017D1BD /* CGEchoTests */,
			);
		};
/* End PBXProject section */

/* Begin PBXReferenceProxy section */
		21D5B6662820153C0034B6AB /* libuecho.a */ = {
			isa = PBXReferenceProxy;
			fileType = archive.ar;
			path = libuecho.a;
			remoteRef = 21D5B6652820153C0034B6AB /* PBXContainerItemProxy */;
			sourceTree = BUILT_PRODUCTS_DIR;
		};
/* End PBXReferenceProxy section */

/* Begin PBXResourcesBuildPhase section */
		213DBABE281FE61F0017D1BD /* Resources */ = {
			isa = PBXResourcesBuildPhase;
			buildActionMask = 2147483647;
			files = (
			);
			runOnlyForDeploymentPostprocessing = 0;
		};
		213DBAC8281FE61F0017D1BD /* Resources */ = {
			isa = PBXResourcesBuildPhase;
			buildActionMask = 2147483647;
			files = (
			);
			runOnlyForDeploymentPostprocessing = 0;
		};
/* End PBXResourcesBuildPhase section */

/* Begin PBXSourcesBuildPhase section */
		213DBABC281FE61F0017D1BD /* Sources */ = {
			isa = PBXSourcesBuildPhase;
			buildActionMask = 2147483647;
			files = (
				21C80720282130AD00E33B1C /* CGEchoController.m in Sources */,
			);
			runOnlyForDeploymentPostprocessing = 0;
		};
		213DBAC6281FE61F0017D1BD /* Sources */ = {
			isa = PBXSourcesBuildPhase;
			buildActionMask = 2147483647;
			files = (
				21C807232821341A00E33B1C /* uEchoTests.m in Sources */,
			);
			runOnlyForDeploymentPostprocessing = 0;
		};
/* End PBXSourcesBuildPhase section */

/* Begin PBXTargetDependency section */
		213DBACD281FE61F0017D1BD /* PBXTargetDependency */ = {
			isa = PBXTargetDependency;
			target = 213DBABF281FE61F0017D1BD /* CGEcho */;
			targetProxy = 213DBACC281FE61F0017D1BD /* PBXContainerItemProxy */;
		};
		21D5B6692820158E0034B6AB /* PBXTargetDependency */ = {
			isa = PBXTargetDependency;
			name = libuecho;
			targetProxy = 21D5B6682820158E0034B6AB /* PBXContainerItemProxy */;
		};
/* End PBXTargetDependency section */

/* Begin XCBuildConfiguration section */
		213DBAD2281FE61F0017D1BD /* Debug */ = {
			isa = XCBuildConfiguration;
			buildSettings = {
				ALWAYS_SEARCH_USER_PATHS = NO;
				CLANG_ANALYZER_NONNULL = YES;
				CLANG_ANALYZER_NUMBER_OBJECT_CONVERSION = YES_AGGRESSIVE;
				CLANG_CXX_LANGUAGE_STANDARD = "gnu++17";
				CLANG_ENABLE_MODULES = YES;
				CLANG_ENABLE_OBJC_ARC = YES;
				CLANG_ENABLE_OBJC_WEAK = YES;
				CLANG_WARN_BLOCK_CAPTURE_AUTORELEASING = YES;
				CLANG_WARN_BOOL_CONVERSION = YES;
				CLANG_WARN_COMMA = YES;
				CLANG_WARN_CONSTANT_CONVERSION = YES;
				CLANG_WARN_DEPRECATED_OBJC_IMPLEMENTATIONS = YES;
				CLANG_WARN_DIRECT_OBJC_ISA_USAGE = YES_ERROR;
				CLANG_WARN_DOCUMENTATION_COMMENTS = YES;
				CLANG_WARN_EMPTY_BODY = YES;
				CLANG_WARN_ENUM_CONVERSION = YES;
				CLANG_WARN_INFINITE_RECURSION = YES;
				CLANG_WARN_INT_CONVERSION = YES;
				CLANG_WARN_NON_LITERAL_NULL_CONVERSION = YES;
				CLANG_WARN_OBJC_IMPLICIT_RETAIN_SELF = YES;
				CLANG_WARN_OBJC_LITERAL_CONVERSION = YES;
				CLANG_WARN_OBJC_ROOT_CLASS = YES_ERROR;
				CLANG_WARN_QUOTED_INCLUDE_IN_FRAMEWORK_HEADER = YES;
				CLANG_WARN_RANGE_LOOP_ANALYSIS = YES;
				CLANG_WARN_STRICT_PROTOTYPES = YES;
				CLANG_WARN_SUSPICIOUS_MOVE = YES;
				CLANG_WARN_UNGUARDED_AVAILABILITY = YES_AGGRESSIVE;
				CLANG_WARN_UNREACHABLE_CODE = YES;
				CLANG_WARN__DUPLICATE_METHOD_MATCH = YES;
				COPY_PHASE_STRIP = NO;
				CURRENT_PROJECT_VERSION = 1;
				DEBUG_INFORMATION_FORMAT = dwarf;
				ENABLE_STRICT_OBJC_MSGSEND = YES;
				ENABLE_TESTABILITY = YES;
				GCC_C_LANGUAGE_STANDARD = gnu11;
				GCC_DYNAMIC_NO_PIC = NO;
				GCC_NO_COMMON_BLOCKS = YES;
				GCC_OPTIMIZATION_LEVEL = 0;
				GCC_PREPROCESSOR_DEFINITIONS = (
					"DEBUG=1",
					"$(inherited)",
				);
				GCC_WARN_64_TO_32_BIT_CONVERSION = YES;
				GCC_WARN_ABOUT_RETURN_TYPE = YES_ERROR;
				GCC_WARN_UNDECLARED_SELECTOR = YES;
				GCC_WARN_UNINITIALIZED_AUTOS = YES_AGGRESSIVE;
				GCC_WARN_UNUSED_FUNCTION = YES;
				GCC_WARN_UNUSED_VARIABLE = YES;
				HEADER_SEARCH_PATHS = ../../../include/;
				IPHONEOS_DEPLOYMENT_TARGET = 15.4;
				MTL_ENABLE_DEBUG_INFO = INCLUDE_SOURCE;
				MTL_FAST_MATH = YES;
				ONLY_ACTIVE_ARCH = YES;
				SDKROOT = iphoneos;
				VERSIONING_SYSTEM = "apple-generic";
				VERSION_INFO_PREFIX = "";
			};
			name = Debug;
		};
		213DBAD3281FE61F0017D1BD /* Release */ = {
			isa = XCBuildConfiguration;
			buildSettings = {
				ALWAYS_SEARCH_USER_PATHS = NO;
				CLANG_ANALYZER_NONNULL = YES;
				CLANG_ANALYZER_NUMBER_OBJECT_CONVERSION = YES_AGGRESSIVE;
				CLANG_CXX_LANGUAGE_STANDARD = "gnu++17";
				CLANG_ENABLE_MODULES = YES;
				CLANG_ENABLE_OBJC_ARC = YES;
				CLANG_ENABLE_OBJC_WEAK = YES;
				CLANG_WARN_BLOCK_CAPTURE_AUTORELEASING = YES;
				CLANG_WARN_BOOL_CONVERSION = YES;
				CLANG_WARN_COMMA = YES;
				CLANG_WARN_CONSTANT_CONVERSION = YES;
				CLANG_WARN_DEPRECATED_OBJC_IMPLEMENTATIONS = YES;
				CLANG_WARN_DIRECT_OBJC_ISA_USAGE = YES_ERROR;
				CLANG_WARN_DOCUMENTATION_COMMENTS = YES;
				CLANG_WARN_EMPTY_BODY = YES;
				CLANG_WARN_ENUM_CONVERSION = YES;
				CLANG_WARN_INFINITE_RECURSION = YES;
				CLANG_WARN_INT_CONVERSION = YES;
				CLANG_WARN_NON_LITERAL_NULL_CONVERSION = YES;
				CLANG_WARN_OBJC_IMPLICIT_RETAIN_SELF = YES;
				CLANG_WARN_OBJC_LITERAL_CONVERSION = YES;
				CLANG_WARN_OBJC_ROOT_CLASS = YES_ERROR;
				CLANG_WARN_QUOTED_INCLUDE_IN_FRAMEWORK_HEADER = YES;
				CLANG_WARN_RANGE_LOOP_ANALYSIS = YES;
				CLANG_WARN_STRICT_PROTOTYPES = YES;
				CLANG_WARN_SUSPICIOUS_MOVE = YES;
				CLANG_WARN_UNGUARDED_AVAILABILITY = YES_AGGRESSIVE;
				CLANG_WARN_UNREACHABLE_CODE = YES;
				CLANG_WARN__DUPLICATE_METHOD_MATCH = YES;
				COPY_PHASE_STRIP = NO;
				CURRENT_PROJECT_VERSION = 1;
				DEBUG_INFORMATION_FORMAT = "dwarf-with-dsym";
				ENABLE_NS_ASSERTIONS = NO;
				ENABLE_STRICT_OBJC_MSGSEND = YES;
				GCC_C_LANGUAGE_STANDARD = gnu11;
				GCC_NO_COMMON_BLOCKS = YES;
				GCC_WARN_64_TO_32_BIT_CONVERSION = YES;
				GCC_WARN_ABOUT_RETURN_TYPE = YES_ERROR;
				GCC_WARN_UNDECLARED_SELECTOR = YES;
				GCC_WARN_UNINITIALIZED_AUTOS = YES_AGGRESSIVE;
				GCC_WARN_UNUSED_FUNCTION = YES;
				GCC_WARN_UNUSED_VARIABLE = YES;
				HEADER_SEARCH_PATHS = ../../../include/;
				IPHONEOS_DEPLOYMENT_TARGET = 15.4;
				MTL_ENABLE_DEBUG_INFO = NO;
				MTL_FAST_MATH = YES;
				SDKROOT = iphoneos;
				VALIDATE_PRODUCT = YES;
				VERSIONING_SYSTEM = "apple-generic";
				VERSION_INFO_PREFIX = "";
			};
			name = Release;
		};
		213DBAD5281FE61F0017D1BD /* Debug */ = {
			isa = XCBuildConfiguration;
			buildSettings = {
				CODE_SIGN_STYLE = Automatic;
				CURRENT_PROJECT_VERSION = 1;
				DEFINES_MODULE = YES;
				DYLIB_COMPATIBILITY_VERSION = 1;
				DYLIB_CURRENT_VERSION = 1;
				DYLIB_INSTALL_NAME_BASE = "@rpath";
				GENERATE_INFOPLIST_FILE = YES;
				INFOPLIST_KEY_NSHumanReadableCopyright = "";
				INSTALL_PATH = "$(LOCAL_LIBRARY_DIR)/Frameworks";
				LD_RUNPATH_SEARCH_PATHS = (
					"$(inherited)",
					"@executable_path/Frameworks",
					"@loader_path/Frameworks",
				);
				MARKETING_VERSION = 1.1.1;
				PRODUCT_BUNDLE_IDENTIFIER = org.cybergarage.uecho;
				PRODUCT_NAME = "$(TARGET_NAME:c99extidentifier)";
				SKIP_INSTALL = YES;
				SWIFT_EMIT_LOC_STRINGS = YES;
				TARGETED_DEVICE_FAMILY = "1,2";
			};
			name = Debug;
		};
		213DBAD6281FE61F0017D1BD /* Release */ = {
			isa = XCBuildConfiguration;
			buildSettings = {
				CODE_SIGN_STYLE = Automatic;
				CURRENT_PROJECT_VERSION = 1;
				DEFINES_MODULE = YES;
				DYLIB_COMPATIBILITY_VERSION = 1;
				DYLIB_CURRENT_VERSION = 1;
				DYLIB_INSTALL_NAME_BASE = "@rpath";
				GENERATE_INFOPLIST_FILE = YES;
				INFOPLIST_KEY_NSHumanReadableCopyright = "";
				INSTALL_PATH = "$(LOCAL_LIBRARY_DIR)/Frameworks";
				LD_RUNPATH_SEARCH_PATHS = (
					"$(inherited)",
					"@executable_path/Frameworks",
					"@loader_path/Frameworks",
				);
				MARKETING_VERSION = 1.1.1;
				PRODUCT_BUNDLE_IDENTIFIER = org.cybergarage.uecho;
				PRODUCT_NAME = "$(TARGET_NAME:c99extidentifier)";
				SKIP_INSTALL = YES;
				SWIFT_EMIT_LOC_STRINGS = YES;
				TARGETED_DEVICE_FAMILY = "1,2";
			};
			name = Release;
		};
		213DBAD8281FE61F0017D1BD /* Debug */ = {
			isa = XCBuildConfiguration;
			buildSettings = {
				CODE_SIGN_STYLE = Automatic;
				CURRENT_PROJECT_VERSION = 1;
				GENERATE_INFOPLIST_FILE = YES;
				MARKETING_VERSION = 1.0;
				PRODUCT_BUNDLE_IDENTIFIER = org.cybergarage.uechoTests;
				PRODUCT_NAME = "$(TARGET_NAME)";
				SWIFT_EMIT_LOC_STRINGS = NO;
				TARGETED_DEVICE_FAMILY = "1,2";
			};
			name = Debug;
		};
		213DBAD9281FE61F0017D1BD /* Release */ = {
			isa = XCBuildConfiguration;
			buildSettings = {
				CODE_SIGN_STYLE = Automatic;
				CURRENT_PROJECT_VERSION = 1;
				GENERATE_INFOPLIST_FILE = YES;
				MARKETING_VERSION = 1.0;
				PRODUCT_BUNDLE_IDENTIFIER = org.cybergarage.uechoTests;
				PRODUCT_NAME = "$(TARGET_NAME)";
				SWIFT_EMIT_LOC_STRINGS = NO;
				TARGETED_DEVICE_FAMILY = "1,2";
			};
			name = Release;
		};
/* End XCBuildConfiguration section */

/* Begin XCConfigurationList section */
		213DBABA281FE61F0017D1BD /* Build configuration list for PBXProject "uEcho4ObjC" */ = {
			isa = XCConfigurationList;
			buildConfigurations = (
				213DBAD2281FE61F0017D1BD /* Debug */,
				213DBAD3281FE61F0017D1BD /* Release */,
			);
			defaultConfigurationIsVisible = 0;
			defaultConfigurationName = Release;
		};
		213DBAD4281FE61F0017D1BD /* Build configuration list for PBXNativeTarget "CGEcho" */ = {
			isa = XCConfigurationList;
			buildConfigurations = (
				213DBAD5281FE61F0017D1BD /* Debug */,
				213DBAD6281FE61F0017D1BD /* Release */,
			);
			defaultConfigurationIsVisible = 0;
			defaultConfigurationName = Release;
		};
		213DBAD7281FE61F0017D1BD /* Build configuration list for PBXNativeTarget "CGEchoTests" */ = {
			isa = XCConfigurationList;
			buildConfigurations = (
				213DBAD8281FE61F0017D1BD /* Debug */,
				213DBAD9281FE61F0017D1BD /* Release */,
			);
			defaultConfigurationIsVisible = 0;
			defaultConfigurationName = Release;
		};
/* End XCConfigurationList section */
	};
	rootObject = 213DBAB7281FE61F0017D1BD /* Project object */;
}
