// !$*UTF8*$!
{
	archiveVersion = 1;
	classes = {
	};
	objectVersion = 46;
	objects = {

/* Begin PBXBuildFile section */
		214186CB1B6B47F20086EEC0 /* message_search.c in Sources */ = {isa = PBXBuildFile; fileRef = 214186CA1B6B47F20086EEC0 /* message_search.c */; };
		2159A1D11B751D2100A134D8 /* mcast_server_list.c in Sources */ = {isa = PBXBuildFile; fileRef = 2159A1CF1B751D2100A134D8 /* mcast_server_list.c */; };
		2159A1D21B751D2100A134D8 /* udp_server_list.c in Sources */ = {isa = PBXBuildFile; fileRef = 2159A1D01B751D2100A134D8 /* udp_server_list.c */; };
		215B493D1B85831E002B20CE /* profile.c in Sources */ = {isa = PBXBuildFile; fileRef = 215B493C1B85831E002B20CE /* profile.c */; };
		215B49431B85895F002B20CE /* device.h in Headers */ = {isa = PBXBuildFile; fileRef = 215B49421B85895F002B20CE /* device.h */; };
		215B49451B8589D4002B20CE /* device.c in Sources */ = {isa = PBXBuildFile; fileRef = 215B49441B8589D4002B20CE /* device.c */; };
		215B49481B858AEC002B20CE /* device_super_class.c in Sources */ = {isa = PBXBuildFile; fileRef = 215B49461B858AEC002B20CE /* device_super_class.c */; };
		215B49491B858AEC002B20CE /* profile_super_class.c in Sources */ = {isa = PBXBuildFile; fileRef = 215B49471B858AEC002B20CE /* profile_super_class.c */; };
		215B494B1B85970D002B20CE /* object_super_class.c in Sources */ = {isa = PBXBuildFile; fileRef = 215B494A1B85970D002B20CE /* object_super_class.c */; };
		21678EED1A8D510100AE79AA /* interface.h in Headers */ = {isa = PBXBuildFile; fileRef = 21678EE41A8D510100AE79AA /* interface.h */; };
		21678EEE1A8D510100AE79AA /* socket.h in Headers */ = {isa = PBXBuildFile; fileRef = 21678EE51A8D510100AE79AA /* socket.h */; };
		21678EEF1A8D510100AE79AA /* list.h in Headers */ = {isa = PBXBuildFile; fileRef = 21678EE71A8D510100AE79AA /* list.h */; };
		21678EF11A8D510100AE79AA /* mutex.h in Headers */ = {isa = PBXBuildFile; fileRef = 21678EE91A8D510100AE79AA /* mutex.h */; };
		21678EF21A8D510100AE79AA /* strings.h in Headers */ = {isa = PBXBuildFile; fileRef = 21678EEA1A8D510100AE79AA /* strings.h */; };
		21678EF31A8D510100AE79AA /* thread.h in Headers */ = {isa = PBXBuildFile; fileRef = 21678EEB1A8D510100AE79AA /* thread.h */; };
		21678EF41A8D510100AE79AA /* timer.h in Headers */ = {isa = PBXBuildFile; fileRef = 21678EEC1A8D510100AE79AA /* timer.h */; };
		21678F041A8D512000AE79AA /* interface.c in Sources */ = {isa = PBXBuildFile; fileRef = 21678EF81A8D512000AE79AA /* interface.c */; };
		21678F051A8D512000AE79AA /* interface_list.c in Sources */ = {isa = PBXBuildFile; fileRef = 21678EF91A8D512000AE79AA /* interface_list.c */; };
		21678F061A8D512000AE79AA /* socket.c in Sources */ = {isa = PBXBuildFile; fileRef = 21678EFA1A8D512000AE79AA /* socket.c */; };
		21678F081A8D512000AE79AA /* list.c in Sources */ = {isa = PBXBuildFile; fileRef = 21678EFD1A8D512000AE79AA /* list.c */; };
		21678F091A8D512000AE79AA /* mutex.c in Sources */ = {isa = PBXBuildFile; fileRef = 21678EFE1A8D512000AE79AA /* mutex.c */; };
		21678F0A1A8D512000AE79AA /* strings.c in Sources */ = {isa = PBXBuildFile; fileRef = 21678EFF1A8D512000AE79AA /* strings.c */; };
		21678F0B1A8D512000AE79AA /* strings_function.c in Sources */ = {isa = PBXBuildFile; fileRef = 21678F001A8D512000AE79AA /* strings_function.c */; };
		21678F0C1A8D512000AE79AA /* strings_tokenizer.c in Sources */ = {isa = PBXBuildFile; fileRef = 21678F011A8D512000AE79AA /* strings_tokenizer.c */; };
		21678F0D1A8D512000AE79AA /* timer.c in Sources */ = {isa = PBXBuildFile; fileRef = 21678F021A8D512000AE79AA /* timer.c */; };
		21678F101A8D51C800AE79AA /* typedef.h in Headers */ = {isa = PBXBuildFile; fileRef = 21678F0F1A8D51C800AE79AA /* typedef.h */; };
		2171428F1B886500003ABA30 /* class.h in Headers */ = {isa = PBXBuildFile; fileRef = 2171428E1B886500003ABA30 /* class.h */; };
		217142921B8865EF003ABA30 /* class_list.c in Sources */ = {isa = PBXBuildFile; fileRef = 217142901B8865EF003ABA30 /* class_list.c */; };
		217142931B8865EF003ABA30 /* class.c in Sources */ = {isa = PBXBuildFile; fileRef = 217142911B8865EF003ABA30 /* class.c */; };
		21757F4B1B6A0CC600281E6F /* message.c in Sources */ = {isa = PBXBuildFile; fileRef = 21757F4A1B6A0CC600281E6F /* message.c */; };
		21757F4D1B6A0CD600281E6F /* message.h in Headers */ = {isa = PBXBuildFile; fileRef = 21757F4C1B6A0CD600281E6F /* message.h */; };
		21757F501B6A0D9400281E6F /* mcast_server.c in Sources */ = {isa = PBXBuildFile; fileRef = 21757F4E1B6A0D9400281E6F /* mcast_server.c */; };
		21757F511B6A0D9400281E6F /* udp_server.c in Sources */ = {isa = PBXBuildFile; fileRef = 21757F4F1B6A0D9400281E6F /* udp_server.c */; };
		21757F531B6A0DC300281E6F /* server.h in Headers */ = {isa = PBXBuildFile; fileRef = 21757F521B6A0DC300281E6F /* server.h */; };
		21757F551B6A0E3200281E6F /* server.c in Sources */ = {isa = PBXBuildFile; fileRef = 21757F541B6A0E3200281E6F /* server.c */; };
		2178B8311B7B3CC7007AA57B /* property_list.c in Sources */ = {isa = PBXBuildFile; fileRef = 2178B8301B7B3CC7007AA57B /* property_list.c */; };
		21851C581B74724D00289276 /* net_function.c in Sources */ = {isa = PBXBuildFile; fileRef = 21851C571B74724D00289276 /* net_function.c */; };
		21851C5A1B74738400289276 /* interface_function.c in Sources */ = {isa = PBXBuildFile; fileRef = 21851C591B74738400289276 /* interface_function.c */; };
		21851C5C1B74804400289276 /* datagram_packet.c in Sources */ = {isa = PBXBuildFile; fileRef = 21851C5B1B74804400289276 /* datagram_packet.c */; };
		2185D9C31B68C3B500A5B0C3 /* const.h in Headers */ = {isa = PBXBuildFile; fileRef = 2185D9C21B68C3B500A5B0C3 /* const.h */; };
		2185D9CD1B68D5BC00A5B0C3 /* object.h in Headers */ = {isa = PBXBuildFile; fileRef = 2185D9CC1B68D5BC00A5B0C3 /* object.h */; };
		2185D9CF1B68D5C600A5B0C3 /* object.c in Sources */ = {isa = PBXBuildFile; fileRef = 2185D9CE1B68D5C600A5B0C3 /* object.c */; };
		2185D9D11B68DEED00A5B0C3 /* property.h in Headers */ = {isa = PBXBuildFile; fileRef = 2185D9D01B68DEED00A5B0C3 /* property.h */; };
		2185D9D31B68DF1E00A5B0C3 /* property.c in Sources */ = {isa = PBXBuildFile; fileRef = 2185D9D21B68DF1E00A5B0C3 /* property.c */; };
		218F56911B8C09E100C03219 /* node_listener.c in Sources */ = {isa = PBXBuildFile; fileRef = 218F56901B8C09E100C03219 /* node_listener.c */; };
		218F56931B8C425D00C03219 /* controller_listener.c in Sources */ = {isa = PBXBuildFile; fileRef = 218F56921B8C425D00C03219 /* controller_listener.c */; };
		21976AB31B897C1F00A154CE /* misc.c in Sources */ = {isa = PBXBuildFile; fileRef = 21976AB21B897C1F00A154CE /* misc.c */; };
		21976AB51B897C4F00A154CE /* misc.h in Headers */ = {isa = PBXBuildFile; fileRef = 21976AB41B897C4F00A154CE /* misc.h */; };
		21B06C191B7C85B0004E9E09 /* object_list.c in Sources */ = {isa = PBXBuildFile; fileRef = 21B06C181B7C85B0004E9E09 /* object_list.c */; };
		21D68B0F1B7C1DA60032552C /* node_profile_class.c in Sources */ = {isa = PBXBuildFile; fileRef = 21D68B0D1B7C1DA60032552C /* node_profile_class.c */; };
		21E280621B7BA82C004956BA /* profile.h in Headers */ = {isa = PBXBuildFile; fileRef = 21E280611B7BA82C004956BA /* profile.h */; };
		21E703C11B8B3218000F6CD1 /* object_property_observer_manager.c in Sources */ = {isa = PBXBuildFile; fileRef = 21E703BF1B8B3218000F6CD1 /* object_property_observer_manager.c */; };
		21E703C21B8B3218000F6CD1 /* object_property_observer.c in Sources */ = {isa = PBXBuildFile; fileRef = 21E703C01B8B3218000F6CD1 /* object_property_observer.c */; };
		21EEC8581B7204D80012AB57 /* thread_list.c in Sources */ = {isa = PBXBuildFile; fileRef = 21EEC8561B7204D80012AB57 /* thread_list.c */; };
		21EEC8591B7204D80012AB57 /* thread.c in Sources */ = {isa = PBXBuildFile; fileRef = 21EEC8571B7204D80012AB57 /* thread.c */; };
		21EFF1A01B4A9A5E002B5E57 /* controller.h in Headers */ = {isa = PBXBuildFile; fileRef = 21EFF19E1B4A9A5E002B5E57 /* controller.h */; };
		21EFF1A11B4A9A5E002B5E57 /* node.h in Headers */ = {isa = PBXBuildFile; fileRef = 21EFF19F1B4A9A5E002B5E57 /* node.h */; };
		21EFF1A41B4A9A76002B5E57 /* controller.c in Sources */ = {isa = PBXBuildFile; fileRef = 21EFF1A21B4A9A76002B5E57 /* controller.c */; };
		21EFF1A51B4A9A76002B5E57 /* node.c in Sources */ = {isa = PBXBuildFile; fileRef = 21EFF1A31B4A9A76002B5E57 /* node.c */; };
/* End PBXBuildFile section */

/* Begin PBXFileReference section */
		212ADD881A8D4F000054EC0F /* liblibuecho.a */ = {isa = PBXFileReference; explicitFileType = archive.ar; includeInIndex = 0; path = liblibuecho.a; sourceTree = BUILT_PRODUCTS_DIR; };
		214186CA1B6B47F20086EEC0 /* message_search.c */ = {isa = PBXFileReference; fileEncoding = 4; lastKnownFileType = sourcecode.c.c; name = message_search.c; path = core/message_search.c; sourceTree = "<group>"; };
		2159A1CF1B751D2100A134D8 /* mcast_server_list.c */ = {isa = PBXFileReference; fileEncoding = 4; lastKnownFileType = sourcecode.c.c; name = mcast_server_list.c; path = core/mcast_server_list.c; sourceTree = "<group>"; };
		2159A1D01B751D2100A134D8 /* udp_server_list.c */ = {isa = PBXFileReference; fileEncoding = 4; lastKnownFileType = sourcecode.c.c; name = udp_server_list.c; path = core/udp_server_list.c; sourceTree = "<group>"; };
		215B493C1B85831E002B20CE /* profile.c */ = {isa = PBXFileReference; fileEncoding = 4; lastKnownFileType = sourcecode.c.c; name = profile.c; path = std/profile.c; sourceTree = "<group>"; };
		215B49421B85895F002B20CE /* device.h */ = {isa = PBXFileReference; fileEncoding = 4; lastKnownFileType = sourcecode.c.h; path = device.h; sourceTree = "<group>"; };
		215B49441B8589D4002B20CE /* device.c */ = {isa = PBXFileReference; fileEncoding = 4; lastKnownFileType = sourcecode.c.c; name = device.c; path = std/device.c; sourceTree = "<group>"; };
		215B49461B858AEC002B20CE /* device_super_class.c */ = {isa = PBXFileReference; fileEncoding = 4; lastKnownFileType = sourcecode.c.c; name = device_super_class.c; path = std/device_super_class.c; sourceTree = "<group>"; };
		215B49471B858AEC002B20CE /* profile_super_class.c */ = {isa = PBXFileReference; fileEncoding = 4; lastKnownFileType = sourcecode.c.c; name = profile_super_class.c; path = std/profile_super_class.c; sourceTree = "<group>"; };
		215B494A1B85970D002B20CE /* object_super_class.c */ = {isa = PBXFileReference; fileEncoding = 4; lastKnownFileType = sourcecode.c.c; name = object_super_class.c; path = std/object_super_class.c; sourceTree = "<group>"; };
		21678EE41A8D510100AE79AA /* interface.h */ = {isa = PBXFileReference; fileEncoding = 4; lastKnownFileType = sourcecode.c.h; path = interface.h; sourceTree = "<group>"; };
		21678EE51A8D510100AE79AA /* socket.h */ = {isa = PBXFileReference; fileEncoding = 4; lastKnownFileType = sourcecode.c.h; path = socket.h; sourceTree = "<group>"; };
		21678EE71A8D510100AE79AA /* list.h */ = {isa = PBXFileReference; fileEncoding = 4; lastKnownFileType = sourcecode.c.h; path = list.h; sourceTree = "<group>"; };
		21678EE91A8D510100AE79AA /* mutex.h */ = {isa = PBXFileReference; fileEncoding = 4; lastKnownFileType = sourcecode.c.h; path = mutex.h; sourceTree = "<group>"; };
		21678EEA1A8D510100AE79AA /* strings.h */ = {isa = PBXFileReference; fileEncoding = 4; lastKnownFileType = sourcecode.c.h; path = strings.h; sourceTree = "<group>"; };
		21678EEB1A8D510100AE79AA /* thread.h */ = {isa = PBXFileReference; fileEncoding = 4; lastKnownFileType = sourcecode.c.h; path = thread.h; sourceTree = "<group>"; };
		21678EEC1A8D510100AE79AA /* timer.h */ = {isa = PBXFileReference; fileEncoding = 4; lastKnownFileType = sourcecode.c.h; path = timer.h; sourceTree = "<group>"; };
		21678EF81A8D512000AE79AA /* interface.c */ = {isa = PBXFileReference; fileEncoding = 4; lastKnownFileType = sourcecode.c.c; path = interface.c; sourceTree = "<group>"; };
		21678EF91A8D512000AE79AA /* interface_list.c */ = {isa = PBXFileReference; fileEncoding = 4; lastKnownFileType = sourcecode.c.c; path = interface_list.c; sourceTree = "<group>"; };
		21678EFA1A8D512000AE79AA /* socket.c */ = {isa = PBXFileReference; fileEncoding = 4; lastKnownFileType = sourcecode.c.c; path = socket.c; sourceTree = "<group>"; };
		21678EFD1A8D512000AE79AA /* list.c */ = {isa = PBXFileReference; fileEncoding = 4; lastKnownFileType = sourcecode.c.c; path = list.c; sourceTree = "<group>"; };
		21678EFE1A8D512000AE79AA /* mutex.c */ = {isa = PBXFileReference; fileEncoding = 4; lastKnownFileType = sourcecode.c.c; path = mutex.c; sourceTree = "<group>"; };
		21678EFF1A8D512000AE79AA /* strings.c */ = {isa = PBXFileReference; fileEncoding = 4; lastKnownFileType = sourcecode.c.c; path = strings.c; sourceTree = "<group>"; };
		21678F001A8D512000AE79AA /* strings_function.c */ = {isa = PBXFileReference; fileEncoding = 4; lastKnownFileType = sourcecode.c.c; path = strings_function.c; sourceTree = "<group>"; };
		21678F011A8D512000AE79AA /* strings_tokenizer.c */ = {isa = PBXFileReference; fileEncoding = 4; lastKnownFileType = sourcecode.c.c; path = strings_tokenizer.c; sourceTree = "<group>"; };
		21678F021A8D512000AE79AA /* timer.c */ = {isa = PBXFileReference; fileEncoding = 4; lastKnownFileType = sourcecode.c.c; path = timer.c; sourceTree = "<group>"; };
		21678F0F1A8D51C800AE79AA /* typedef.h */ = {isa = PBXFileReference; fileEncoding = 4; lastKnownFileType = sourcecode.c.h; path = typedef.h; sourceTree = "<group>"; };
		2171428E1B886500003ABA30 /* class.h */ = {isa = PBXFileReference; fileEncoding = 4; lastKnownFileType = sourcecode.c.h; path = class.h; sourceTree = "<group>"; };
		217142901B8865EF003ABA30 /* class_list.c */ = {isa = PBXFileReference; fileEncoding = 4; lastKnownFileType = sourcecode.c.c; path = class_list.c; sourceTree = "<group>"; };
		217142911B8865EF003ABA30 /* class.c */ = {isa = PBXFileReference; fileEncoding = 4; lastKnownFileType = sourcecode.c.c; path = class.c; sourceTree = "<group>"; };
		21757F4A1B6A0CC600281E6F /* message.c */ = {isa = PBXFileReference; fileEncoding = 4; lastKnownFileType = sourcecode.c.c; name = message.c; path = core/message.c; sourceTree = "<group>"; };
		21757F4C1B6A0CD600281E6F /* message.h */ = {isa = PBXFileReference; fileEncoding = 4; lastKnownFileType = sourcecode.c.h; name = message.h; path = core/message.h; sourceTree = "<group>"; };
		21757F4E1B6A0D9400281E6F /* mcast_server.c */ = {isa = PBXFileReference; fileEncoding = 4; lastKnownFileType = sourcecode.c.c; name = mcast_server.c; path = core/mcast_server.c; sourceTree = "<group>"; };
		21757F4F1B6A0D9400281E6F /* udp_server.c */ = {isa = PBXFileReference; fileEncoding = 4; lastKnownFileType = sourcecode.c.c; name = udp_server.c; path = core/udp_server.c; sourceTree = "<group>"; };
		21757F521B6A0DC300281E6F /* server.h */ = {isa = PBXFileReference; fileEncoding = 4; lastKnownFileType = sourcecode.c.h; name = server.h; path = core/server.h; sourceTree = "<group>"; };
		21757F541B6A0E3200281E6F /* server.c */ = {isa = PBXFileReference; fileEncoding = 4; lastKnownFileType = sourcecode.c.c; name = server.c; path = core/server.c; sourceTree = "<group>"; };
		2178B8301B7B3CC7007AA57B /* property_list.c */ = {isa = PBXFileReference; fileEncoding = 4; lastKnownFileType = sourcecode.c.c; path = property_list.c; sourceTree = "<group>"; };
		21851C571B74724D00289276 /* net_function.c */ = {isa = PBXFileReference; fileEncoding = 4; lastKnownFileType = sourcecode.c.c; path = net_function.c; sourceTree = "<group>"; };
		21851C591B74738400289276 /* interface_function.c */ = {isa = PBXFileReference; fileEncoding = 4; lastKnownFileType = sourcecode.c.c; path = interface_function.c; sourceTree = "<group>"; };
		21851C5B1B74804400289276 /* datagram_packet.c */ = {isa = PBXFileReference; fileEncoding = 4; lastKnownFileType = sourcecode.c.c; path = datagram_packet.c; sourceTree = "<group>"; };
		2185D9C21B68C3B500A5B0C3 /* const.h */ = {isa = PBXFileReference; fileEncoding = 4; lastKnownFileType = sourcecode.c.h; path = const.h; sourceTree = "<group>"; };
		2185D9CC1B68D5BC00A5B0C3 /* object.h */ = {isa = PBXFileReference; fileEncoding = 4; lastKnownFileType = sourcecode.c.h; path = object.h; sourceTree = "<group>"; };
		2185D9CE1B68D5C600A5B0C3 /* object.c */ = {isa = PBXFileReference; fileEncoding = 4; lastKnownFileType = sourcecode.c.c; path = object.c; sourceTree = "<group>"; };
		2185D9D01B68DEED00A5B0C3 /* property.h */ = {isa = PBXFileReference; fileEncoding = 4; lastKnownFileType = sourcecode.c.h; path = property.h; sourceTree = "<group>"; };
		2185D9D21B68DF1E00A5B0C3 /* property.c */ = {isa = PBXFileReference; fileEncoding = 4; lastKnownFileType = sourcecode.c.c; path = property.c; sourceTree = "<group>"; };
		218F56901B8C09E100C03219 /* node_listener.c */ = {isa = PBXFileReference; fileEncoding = 4; lastKnownFileType = sourcecode.c.c; path = node_listener.c; sourceTree = "<group>"; };
		218F56921B8C425D00C03219 /* controller_listener.c */ = {isa = PBXFileReference; fileEncoding = 4; lastKnownFileType = sourcecode.c.c; path = controller_listener.c; sourceTree = "<group>"; };
		21976AB21B897C1F00A154CE /* misc.c */ = {isa = PBXFileReference; fileEncoding = 4; lastKnownFileType = sourcecode.c.c; path = misc.c; sourceTree = "<group>"; };
		21976AB41B897C4F00A154CE /* misc.h */ = {isa = PBXFileReference; fileEncoding = 4; lastKnownFileType = sourcecode.c.h; path = misc.h; sourceTree = "<group>"; };
		21B06C181B7C85B0004E9E09 /* object_list.c */ = {isa = PBXFileReference; fileEncoding = 4; lastKnownFileType = sourcecode.c.c; path = object_list.c; sourceTree = "<group>"; };
		21D68B0D1B7C1DA60032552C /* node_profile_class.c */ = {isa = PBXFileReference; fileEncoding = 4; lastKnownFileType = sourcecode.c.c; name = node_profile_class.c; path = std/node_profile_class.c; sourceTree = "<group>"; };
		21E280611B7BA82C004956BA /* profile.h */ = {isa = PBXFileReference; fileEncoding = 4; lastKnownFileType = sourcecode.c.h; path = profile.h; sourceTree = "<group>"; };
		21E703BF1B8B3218000F6CD1 /* object_property_observer_manager.c */ = {isa = PBXFileReference; fileEncoding = 4; lastKnownFileType = sourcecode.c.c; path = object_property_observer_manager.c; sourceTree = "<group>"; };
		21E703C01B8B3218000F6CD1 /* object_property_observer.c */ = {isa = PBXFileReference; fileEncoding = 4; lastKnownFileType = sourcecode.c.c; path = object_property_observer.c; sourceTree = "<group>"; };
		21EEC8561B7204D80012AB57 /* thread_list.c */ = {isa = PBXFileReference; fileEncoding = 4; lastKnownFileType = sourcecode.c.c; path = thread_list.c; sourceTree = "<group>"; };
		21EEC8571B7204D80012AB57 /* thread.c */ = {isa = PBXFileReference; fileEncoding = 4; lastKnownFileType = sourcecode.c.c; path = thread.c; sourceTree = "<group>"; };
		21EFF19E1B4A9A5E002B5E57 /* controller.h */ = {isa = PBXFileReference; fileEncoding = 4; lastKnownFileType = sourcecode.c.h; path = controller.h; sourceTree = "<group>"; };
		21EFF19F1B4A9A5E002B5E57 /* node.h */ = {isa = PBXFileReference; fileEncoding = 4; lastKnownFileType = sourcecode.c.h; path = node.h; sourceTree = "<group>"; };
		21EFF1A21B4A9A76002B5E57 /* controller.c */ = {isa = PBXFileReference; fileEncoding = 4; lastKnownFileType = sourcecode.c.c; path = controller.c; sourceTree = "<group>"; };
		21EFF1A31B4A9A76002B5E57 /* node.c */ = {isa = PBXFileReference; fileEncoding = 4; lastKnownFileType = sourcecode.c.c; path = node.c; sourceTree = "<group>"; };
/* End PBXFileReference section */

/* Begin PBXFrameworksBuildPhase section */
		212ADD851A8D4F000054EC0F /* Frameworks */ = {
			isa = PBXFrameworksBuildPhase;
			buildActionMask = 2147483647;
			files = (
			);
			runOnlyForDeploymentPostprocessing = 0;
		};
/* End PBXFrameworksBuildPhase section */

/* Begin PBXGroup section */
		212ADD7F1A8D4F000054EC0F = {
			isa = PBXGroup;
			children = (
				21678EE11A8D50BD00AE79AA /* Headers */,
				21678EF51A8D510900AE79AA /* Sources */,
				212ADD891A8D4F000054EC0F /* Products */,
			);
			sourceTree = "<group>";
		};
		212ADD891A8D4F000054EC0F /* Products */ = {
			isa = PBXGroup;
			children = (
				212ADD881A8D4F000054EC0F /* liblibuecho.a */,
			);
			name = Products;
			sourceTree = "<group>";
		};
		21678EE11A8D50BD00AE79AA /* Headers */ = {
			isa = PBXGroup;
			children = (
				21678EE21A8D510100AE79AA /* uecho */,
			);
			name = Headers;
			sourceTree = "<group>";
		};
		21678EE21A8D510100AE79AA /* uecho */ = {
			isa = PBXGroup;
			children = (
				21757F491B6A0CAF00281E6F /* core */,
				2185D9D01B68DEED00A5B0C3 /* property.h */,
				21E280611B7BA82C004956BA /* profile.h */,
				2185D9CC1B68D5BC00A5B0C3 /* object.h */,
				215B49421B85895F002B20CE /* device.h */,
				2185D9C21B68C3B500A5B0C3 /* const.h */,
				21EFF19E1B4A9A5E002B5E57 /* controller.h */,
				21EFF19F1B4A9A5E002B5E57 /* node.h */,
				21678F0F1A8D51C800AE79AA /* typedef.h */,
				2171428E1B886500003ABA30 /* class.h */,
				21976AB41B897C4F00A154CE /* misc.h */,
				21678EE31A8D510100AE79AA /* net */,
				21678EE61A8D510100AE79AA /* util */,
			);
			name = uecho;
			path = ../../../include/uecho;
			sourceTree = "<group>";
		};
		21678EE31A8D510100AE79AA /* net */ = {
			isa = PBXGroup;
			children = (
				21678EE41A8D510100AE79AA /* interface.h */,
				21678EE51A8D510100AE79AA /* socket.h */,
			);
			path = net;
			sourceTree = "<group>";
		};
		21678EE61A8D510100AE79AA /* util */ = {
			isa = PBXGroup;
			children = (
				21678EE71A8D510100AE79AA /* list.h */,
				21678EE91A8D510100AE79AA /* mutex.h */,
				21678EEA1A8D510100AE79AA /* strings.h */,
				21678EEB1A8D510100AE79AA /* thread.h */,
				21678EEC1A8D510100AE79AA /* timer.h */,
			);
			path = util;
			sourceTree = "<group>";
		};
		21678EF51A8D510900AE79AA /* Sources */ = {
			isa = PBXGroup;
			children = (
				21678EF61A8D512000AE79AA /* uecho */,
			);
			name = Sources;
			sourceTree = "<group>";
		};
		21678EF61A8D512000AE79AA /* uecho */ = {
			isa = PBXGroup;
			children = (
				21D68B0C1B7C1D700032552C /* std */,
				21757F481B6A0CA500281E6F /* core */,
				2185D9D21B68DF1E00A5B0C3 /* property.c */,
				2178B8301B7B3CC7007AA57B /* property_list.c */,
				2185D9CE1B68D5C600A5B0C3 /* object.c */,
				21B06C181B7C85B0004E9E09 /* object_list.c */,
				21EFF1A21B4A9A76002B5E57 /* controller.c */,
				218F56921B8C425D00C03219 /* controller_listener.c */,
				21EFF1A31B4A9A76002B5E57 /* node.c */,
				218F56901B8C09E100C03219 /* node_listener.c */,
				217142901B8865EF003ABA30 /* class_list.c */,
				217142911B8865EF003ABA30 /* class.c */,
				21976AB21B897C1F00A154CE /* misc.c */,
				21E703BF1B8B3218000F6CD1 /* object_property_observer_manager.c */,
				21E703C01B8B3218000F6CD1 /* object_property_observer.c */,
				21678EF71A8D512000AE79AA /* net */,
				21678EFC1A8D512000AE79AA /* util */,
			);
			name = uecho;
			path = ../../../src/uecho;
			sourceTree = "<group>";
		};
		21678EF71A8D512000AE79AA /* net */ = {
			isa = PBXGroup;
			children = (
				21851C5B1B74804400289276 /* datagram_packet.c */,
				21851C591B74738400289276 /* interface_function.c */,
				21851C571B74724D00289276 /* net_function.c */,
				21678EF81A8D512000AE79AA /* interface.c */,
				21678EF91A8D512000AE79AA /* interface_list.c */,
				21678EFA1A8D512000AE79AA /* socket.c */,
			);
			path = net;
			sourceTree = "<group>";
		};
		21678EFC1A8D512000AE79AA /* util */ = {
			isa = PBXGroup;
			children = (
				21EEC8561B7204D80012AB57 /* thread_list.c */,
				21EEC8571B7204D80012AB57 /* thread.c */,
				21678EFD1A8D512000AE79AA /* list.c */,
				21678EFE1A8D512000AE79AA /* mutex.c */,
				21678EFF1A8D512000AE79AA /* strings.c */,
				21678F001A8D512000AE79AA /* strings_function.c */,
				21678F011A8D512000AE79AA /* strings_tokenizer.c */,
				21678F021A8D512000AE79AA /* timer.c */,
			);
			path = util;
			sourceTree = "<group>";
		};
		21757F481B6A0CA500281E6F /* core */ = {
			isa = PBXGroup;
			children = (
				2159A1CF1B751D2100A134D8 /* mcast_server_list.c */,
				2159A1D01B751D2100A134D8 /* udp_server_list.c */,
				214186CA1B6B47F20086EEC0 /* message_search.c */,
				21757F541B6A0E3200281E6F /* server.c */,
				21757F4E1B6A0D9400281E6F /* mcast_server.c */,
				21757F4F1B6A0D9400281E6F /* udp_server.c */,
				21757F4A1B6A0CC600281E6F /* message.c */,
			);
			name = core;
			sourceTree = "<group>";
		};
		21757F491B6A0CAF00281E6F /* core */ = {
			isa = PBXGroup;
			children = (
				21757F521B6A0DC300281E6F /* server.h */,
				21757F4C1B6A0CD600281E6F /* message.h */,
			);
			name = core;
			sourceTree = "<group>";
		};
		21D68B0C1B7C1D700032552C /* std */ = {
			isa = PBXGroup;
			children = (
				215B494A1B85970D002B20CE /* object_super_class.c */,
				215B49461B858AEC002B20CE /* device_super_class.c */,
				215B49471B858AEC002B20CE /* profile_super_class.c */,
				215B49441B8589D4002B20CE /* device.c */,
				215B493C1B85831E002B20CE /* profile.c */,
				21D68B0D1B7C1DA60032552C /* node_profile_class.c */,
			);
			name = std;
			sourceTree = "<group>";
		};
/* End PBXGroup section */

/* Begin PBXHeadersBuildPhase section */
		212ADD861A8D4F000054EC0F /* Headers */ = {
			isa = PBXHeadersBuildPhase;
			buildActionMask = 2147483647;
			files = (
				21E280621B7BA82C004956BA /* profile.h in Headers */,
				21678EF11A8D510100AE79AA /* mutex.h in Headers */,
				21678EF31A8D510100AE79AA /* thread.h in Headers */,
				21EFF1A11B4A9A5E002B5E57 /* node.h in Headers */,
				21678EF21A8D510100AE79AA /* strings.h in Headers */,
				21757F4D1B6A0CD600281E6F /* message.h in Headers */,
				21678EF41A8D510100AE79AA /* timer.h in Headers */,
				21678EED1A8D510100AE79AA /* interface.h in Headers */,
				2185D9D11B68DEED00A5B0C3 /* property.h in Headers */,
				21757F531B6A0DC300281E6F /* server.h in Headers */,
				21678EEF1A8D510100AE79AA /* list.h in Headers */,
				21678EEE1A8D510100AE79AA /* socket.h in Headers */,
				21678F101A8D51C800AE79AA /* typedef.h in Headers */,
				21EFF1A01B4A9A5E002B5E57 /* controller.h in Headers */,
				2185D9C31B68C3B500A5B0C3 /* const.h in Headers */,
				2171428F1B886500003ABA30 /* class.h in Headers */,
				215B49431B85895F002B20CE /* device.h in Headers */,
				21976AB51B897C4F00A154CE /* misc.h in Headers */,
				2185D9CD1B68D5BC00A5B0C3 /* object.h in Headers */,
			);
			runOnlyForDeploymentPostprocessing = 0;
		};
/* End PBXHeadersBuildPhase section */

/* Begin PBXNativeTarget section */
		212ADD871A8D4F000054EC0F /* libuecho */ = {
			isa = PBXNativeTarget;
			buildConfigurationList = 212ADD8C1A8D4F000054EC0F /* Build configuration list for PBXNativeTarget "libuecho" */;
			buildPhases = (
				212ADD841A8D4F000054EC0F /* Sources */,
				212ADD851A8D4F000054EC0F /* Frameworks */,
				212ADD861A8D4F000054EC0F /* Headers */,
			);
			buildRules = (
			);
			dependencies = (
			);
			name = libuecho;
			productName = libuecho;
			productReference = 212ADD881A8D4F000054EC0F /* liblibuecho.a */;
			productType = "com.apple.product-type.library.static";
		};
/* End PBXNativeTarget section */

/* Begin PBXProject section */
		212ADD801A8D4F000054EC0F /* Project object */ = {
			isa = PBXProject;
			attributes = {
				LastUpgradeCheck = 0640;
				ORGANIZATIONNAME = "Satoshi Konno";
				TargetAttributes = {
					212ADD871A8D4F000054EC0F = {
						CreatedOnToolsVersion = 6.1.1;
					};
				};
			};
			buildConfigurationList = 212ADD831A8D4F000054EC0F /* Build configuration list for PBXProject "libuecho" */;
			compatibilityVersion = "Xcode 3.2";
			developmentRegion = English;
			hasScannedForEncodings = 0;
			knownRegions = (
				en,
			);
			mainGroup = 212ADD7F1A8D4F000054EC0F;
			productRefGroup = 212ADD891A8D4F000054EC0F /* Products */;
			projectDirPath = "";
			projectRoot = "";
			targets = (
				212ADD871A8D4F000054EC0F /* libuecho */,
			);
		};
/* End PBXProject section */

/* Begin PBXSourcesBuildPhase section */
		212ADD841A8D4F000054EC0F /* Sources */ = {
			isa = PBXSourcesBuildPhase;
			buildActionMask = 2147483647;
			files = (
				217142921B8865EF003ABA30 /* class_list.c in Sources */,
				21757F4B1B6A0CC600281E6F /* message.c in Sources */,
				2159A1D21B751D2100A134D8 /* udp_server_list.c in Sources */,
				21E703C11B8B3218000F6CD1 /* object_property_observer_manager.c in Sources */,
				21976AB31B897C1F00A154CE /* misc.c in Sources */,
				21678F0D1A8D512000AE79AA /* timer.c in Sources */,
				21678F081A8D512000AE79AA /* list.c in Sources */,
				21678F0A1A8D512000AE79AA /* strings.c in Sources */,
				21757F551B6A0E3200281E6F /* server.c in Sources */,
				21678F041A8D512000AE79AA /* interface.c in Sources */,
				21EFF1A41B4A9A76002B5E57 /* controller.c in Sources */,
				21E703C21B8B3218000F6CD1 /* object_property_observer.c in Sources */,
				218F56911B8C09E100C03219 /* node_listener.c in Sources */,
				21678F051A8D512000AE79AA /* interface_list.c in Sources */,
				21678F0C1A8D512000AE79AA /* strings_tokenizer.c in Sources */,
				21678F091A8D512000AE79AA /* mutex.c in Sources */,
				2185D9CF1B68D5C600A5B0C3 /* object.c in Sources */,
				215B49481B858AEC002B20CE /* device_super_class.c in Sources */,
				21B06C191B7C85B0004E9E09 /* object_list.c in Sources */,
				21D68B0F1B7C1DA60032552C /* node_profile_class.c in Sources */,
				21EEC8591B7204D80012AB57 /* thread.c in Sources */,
				21851C5C1B74804400289276 /* datagram_packet.c in Sources */,
				214186CB1B6B47F20086EEC0 /* message_search.c in Sources */,
				21851C5A1B74738400289276 /* interface_function.c in Sources */,
				21EEC8581B7204D80012AB57 /* thread_list.c in Sources */,
				21EFF1A51B4A9A76002B5E57 /* node.c in Sources */,
				21678F0B1A8D512000AE79AA /* strings_function.c in Sources */,
				215B49451B8589D4002B20CE /* device.c in Sources */,
				21757F501B6A0D9400281E6F /* mcast_server.c in Sources */,
				21757F511B6A0D9400281E6F /* udp_server.c in Sources */,
				2185D9D31B68DF1E00A5B0C3 /* property.c in Sources */,
				215B49491B858AEC002B20CE /* profile_super_class.c in Sources */,
				2178B8311B7B3CC7007AA57B /* property_list.c in Sources */,
				2159A1D11B751D2100A134D8 /* mcast_server_list.c in Sources */,
				217142931B8865EF003ABA30 /* class.c in Sources */,
				215B494B1B85970D002B20CE /* object_super_class.c in Sources */,
				21678F061A8D512000AE79AA /* socket.c in Sources */,
				21851C581B74724D00289276 /* net_function.c in Sources */,
				215B493D1B85831E002B20CE /* profile.c in Sources */,
				218F56931B8C425D00C03219 /* controller_listener.c in Sources */,
			);
			runOnlyForDeploymentPostprocessing = 0;
		};
/* End PBXSourcesBuildPhase section */

/* Begin XCBuildConfiguration section */
		212ADD8A1A8D4F000054EC0F /* Debug */ = {
			isa = XCBuildConfiguration;
			buildSettings = {
				ALWAYS_SEARCH_USER_PATHS = NO;
				CLANG_CXX_LANGUAGE_STANDARD = "gnu++0x";
				CLANG_CXX_LIBRARY = "libc++";
				CLANG_ENABLE_MODULES = NO;
				CLANG_ENABLE_OBJC_ARC = YES;
				CLANG_WARN_BOOL_CONVERSION = YES;
				CLANG_WARN_CONSTANT_CONVERSION = YES;
				CLANG_WARN_DIRECT_OBJC_ISA_USAGE = YES_ERROR;
				CLANG_WARN_EMPTY_BODY = YES;
				CLANG_WARN_ENUM_CONVERSION = YES;
				CLANG_WARN_INT_CONVERSION = YES;
				CLANG_WARN_OBJC_ROOT_CLASS = YES_ERROR;
				CLANG_WARN_UNREACHABLE_CODE = YES;
				CLANG_WARN__DUPLICATE_METHOD_MATCH = YES;
				COPY_PHASE_STRIP = NO;
				ENABLE_STRICT_OBJC_MSGSEND = YES;
				GCC_C_LANGUAGE_STANDARD = gnu99;
				GCC_DYNAMIC_NO_PIC = NO;
				GCC_OPTIMIZATION_LEVEL = 0;
				GCC_PREPROCESSOR_DEFINITIONS = (
					"DEBUG=1",
					"$(inherited)",
				);
				GCC_SYMBOLS_PRIVATE_EXTERN = NO;
				GCC_WARN_64_TO_32_BIT_CONVERSION = YES;
				GCC_WARN_ABOUT_RETURN_TYPE = YES_ERROR;
				GCC_WARN_UNDECLARED_SELECTOR = YES;
				GCC_WARN_UNINITIALIZED_AUTOS = YES_AGGRESSIVE;
				GCC_WARN_UNUSED_FUNCTION = YES;
				GCC_WARN_UNUSED_VARIABLE = YES;
				HEADER_SEARCH_PATHS = (
					"$(inherited)",
					/Applications/Xcode.app/Contents/Developer/Toolchains/XcodeDefault.xctoolchain/usr/include,
					../../../include,
				);
				MACOSX_DEPLOYMENT_TARGET = 10.10;
				MTL_ENABLE_DEBUG_INFO = YES;
				ONLY_ACTIVE_ARCH = YES;
				SDKROOT = macosx;
			};
			name = Debug;
		};
		212ADD8B1A8D4F000054EC0F /* Release */ = {
			isa = XCBuildConfiguration;
			buildSettings = {
				ALWAYS_SEARCH_USER_PATHS = NO;
				CLANG_CXX_LANGUAGE_STANDARD = "gnu++0x";
				CLANG_CXX_LIBRARY = "libc++";
				CLANG_ENABLE_MODULES = NO;
				CLANG_ENABLE_OBJC_ARC = YES;
				CLANG_WARN_BOOL_CONVERSION = YES;
				CLANG_WARN_CONSTANT_CONVERSION = YES;
				CLANG_WARN_DIRECT_OBJC_ISA_USAGE = YES_ERROR;
				CLANG_WARN_EMPTY_BODY = YES;
				CLANG_WARN_ENUM_CONVERSION = YES;
				CLANG_WARN_INT_CONVERSION = YES;
				CLANG_WARN_OBJC_ROOT_CLASS = YES_ERROR;
				CLANG_WARN_UNREACHABLE_CODE = YES;
				CLANG_WARN__DUPLICATE_METHOD_MATCH = YES;
				COPY_PHASE_STRIP = YES;
				DEBUG_INFORMATION_FORMAT = "dwarf-with-dsym";
				ENABLE_NS_ASSERTIONS = NO;
				ENABLE_STRICT_OBJC_MSGSEND = YES;
				GCC_C_LANGUAGE_STANDARD = gnu99;
				GCC_WARN_64_TO_32_BIT_CONVERSION = YES;
				GCC_WARN_ABOUT_RETURN_TYPE = YES_ERROR;
				GCC_WARN_UNDECLARED_SELECTOR = YES;
				GCC_WARN_UNINITIALIZED_AUTOS = YES_AGGRESSIVE;
				GCC_WARN_UNUSED_FUNCTION = YES;
				GCC_WARN_UNUSED_VARIABLE = YES;
				HEADER_SEARCH_PATHS = (
					"$(inherited)",
					/Applications/Xcode.app/Contents/Developer/Toolchains/XcodeDefault.xctoolchain/usr/include,
					../../../include,
				);
				MACOSX_DEPLOYMENT_TARGET = 10.10;
				MTL_ENABLE_DEBUG_INFO = NO;
				SDKROOT = macosx;
			};
			name = Release;
		};
		212ADD8D1A8D4F000054EC0F /* Debug */ = {
			isa = XCBuildConfiguration;
			buildSettings = {
				COMBINE_HIDPI_IMAGES = YES;
				EXECUTABLE_PREFIX = lib;
				PRODUCT_NAME = "$(TARGET_NAME)";
				SUPPORTED_PLATFORMS = macosx;
				VALID_ARCHS = x86_64;
			};
			name = Debug;
		};
		212ADD8E1A8D4F000054EC0F /* Release */ = {
			isa = XCBuildConfiguration;
			buildSettings = {
				COMBINE_HIDPI_IMAGES = YES;
				EXECUTABLE_PREFIX = lib;
				PRODUCT_NAME = "$(TARGET_NAME)";
				SUPPORTED_PLATFORMS = macosx;
				VALID_ARCHS = x86_64;
			};
			name = Release;
		};
/* End XCBuildConfiguration section */

/* Begin XCConfigurationList section */
		212ADD831A8D4F000054EC0F /* Build configuration list for PBXProject "libuecho" */ = {
			isa = XCConfigurationList;
			buildConfigurations = (
				212ADD8A1A8D4F000054EC0F /* Debug */,
				212ADD8B1A8D4F000054EC0F /* Release */,
			);
			defaultConfigurationIsVisible = 0;
			defaultConfigurationName = Release;
		};
		212ADD8C1A8D4F000054EC0F /* Build configuration list for PBXNativeTarget "libuecho" */ = {
			isa = XCConfigurationList;
			buildConfigurations = (
				212ADD8D1A8D4F000054EC0F /* Debug */,
				212ADD8E1A8D4F000054EC0F /* Release */,
			);
			defaultConfigurationIsVisible = 0;
			defaultConfigurationName = Release;
		};
/* End XCConfigurationList section */
	};
	rootObject = 212ADD801A8D4F000054EC0F /* Project object */;
}
