// !$*UTF8*$!
{
	archiveVersion = 1;
	classes = {
	};
	objectVersion = 46;
	objects = {

/* Begin PBXBuildFile section */
		2127D23A1BAB1CD900424276 /* uEcho.framework in Frameworks */ = {isa = PBXBuildFile; fileRef = 2127D2371BAB1C9400424276 /* uEcho.framework */; };
		2127D25B1BACFE7100424276 /* uEchoLightController.swift in Sources */ = {isa = PBXBuildFile; fileRef = 2127D25A1BACFE7100424276 /* uEchoLightController.swift */; settings = {ASSET_TAGS = (); }; };
		2127D25D1BAD10AF00424276 /* uEchoLightObject.swift in Sources */ = {isa = PBXBuildFile; fileRef = 2127D25C1BAD10AF00424276 /* uEchoLightObject.swift */; settings = {ASSET_TAGS = (); }; };
		215E12E61BAAEB60003C7FD9 /* AppDelegate.swift in Sources */ = {isa = PBXBuildFile; fileRef = 215E12E51BAAEB60003C7FD9 /* AppDelegate.swift */; };
		215E12E81BAAEB60003C7FD9 /* MasterViewController.swift in Sources */ = {isa = PBXBuildFile; fileRef = 215E12E71BAAEB60003C7FD9 /* MasterViewController.swift */; };
		215E12EA1BAAEB60003C7FD9 /* DetailViewController.swift in Sources */ = {isa = PBXBuildFile; fileRef = 215E12E91BAAEB60003C7FD9 /* DetailViewController.swift */; };
		215E12ED1BAAEB60003C7FD9 /* Main.storyboard in Resources */ = {isa = PBXBuildFile; fileRef = 215E12EB1BAAEB60003C7FD9 /* Main.storyboard */; };
		215E12EF1BAAEB60003C7FD9 /* Assets.xcassets in Resources */ = {isa = PBXBuildFile; fileRef = 215E12EE1BAAEB60003C7FD9 /* Assets.xcassets */; };
		215E12F21BAAEB60003C7FD9 /* LaunchScreen.storyboard in Resources */ = {isa = PBXBuildFile; fileRef = 215E12F01BAAEB60003C7FD9 /* LaunchScreen.storyboard */; };
/* End PBXBuildFile section */

/* Begin PBXContainerItemProxy section */
		2127D2361BAB1C9400424276 /* PBXContainerItemProxy */ = {
			isa = PBXContainerItemProxy;
			containerPortal = 2127D2311BAB1C9400424276 /* uEcho.xcodeproj */;
			proxyType = 2;
			remoteGlobalIDString = 2104476F1BAB061000B61359;
			remoteInfo = uEcho;
		};
		2127D2381BAB1CD000424276 /* PBXContainerItemProxy */ = {
			isa = PBXContainerItemProxy;
			containerPortal = 2127D2311BAB1C9400424276 /* uEcho.xcodeproj */;
			proxyType = 1;
			remoteGlobalIDString = 2104476E1BAB061000B61359;
			remoteInfo = uEcho;
		};
/* End PBXContainerItemProxy section */

/* Begin PBXFileReference section */
		2127D2311BAB1C9400424276 /* uEcho.xcodeproj */ = {isa = PBXFileReference; lastKnownFileType = "wrapper.pb-project"; name = uEcho.xcodeproj; path = ../../../../wrapper/swift/ios/xcode/uEcho.xcodeproj; sourceTree = "<group>"; };
		2127D25A1BACFE7100424276 /* uEchoLightController.swift */ = {isa = PBXFileReference; fileEncoding = 4; lastKnownFileType = sourcecode.swift; path = uEchoLightController.swift; sourceTree = "<group>"; };
		2127D25C1BAD10AF00424276 /* uEchoLightObject.swift */ = {isa = PBXFileReference; fileEncoding = 4; lastKnownFileType = sourcecode.swift; path = uEchoLightObject.swift; sourceTree = "<group>"; };
		215E12E21BAAEB60003C7FD9 /* uEchoLightCtrl.app */ = {isa = PBXFileReference; explicitFileType = wrapper.application; includeInIndex = 0; path = uEchoLightCtrl.app; sourceTree = BUILT_PRODUCTS_DIR; };
		215E12E51BAAEB60003C7FD9 /* AppDelegate.swift */ = {isa = PBXFileReference; lastKnownFileType = sourcecode.swift; path = AppDelegate.swift; sourceTree = "<group>"; };
		215E12E71BAAEB60003C7FD9 /* MasterViewController.swift */ = {isa = PBXFileReference; lastKnownFileType = sourcecode.swift; path = MasterViewController.swift; sourceTree = "<group>"; };
		215E12E91BAAEB60003C7FD9 /* DetailViewController.swift */ = {isa = PBXFileReference; lastKnownFileType = sourcecode.swift; path = DetailViewController.swift; sourceTree = "<group>"; };
		215E12EC1BAAEB60003C7FD9 /* Base */ = {isa = PBXFileReference; lastKnownFileType = file.storyboard; name = Base; path = Base.lproj/Main.storyboard; sourceTree = "<group>"; };
		215E12EE1BAAEB60003C7FD9 /* Assets.xcassets */ = {isa = PBXFileReference; lastKnownFileType = folder.assetcatalog; path = Assets.xcassets; sourceTree = "<group>"; };
		215E12F11BAAEB60003C7FD9 /* Base */ = {isa = PBXFileReference; lastKnownFileType = file.storyboard; name = Base; path = Base.lproj/LaunchScreen.storyboard; sourceTree = "<group>"; };
		215E12F31BAAEB60003C7FD9 /* Info.plist */ = {isa = PBXFileReference; lastKnownFileType = text.plist.xml; path = Info.plist; sourceTree = "<group>"; };
/* End PBXFileReference section */

/* Begin PBXFrameworksBuildPhase section */
		215E12DF1BAAEB60003C7FD9 /* Frameworks */ = {
			isa = PBXFrameworksBuildPhase;
			buildActionMask = 2147483647;
			files = (
				2127D23A1BAB1CD900424276 /* uEcho.framework in Frameworks */,
			);
			runOnlyForDeploymentPostprocessing = 0;
		};
/* End PBXFrameworksBuildPhase section */

/* Begin PBXGroup section */
		2127D2301BAB1C7300424276 /* Framworks */ = {
			isa = PBXGroup;
			children = (
				2127D2311BAB1C9400424276 /* uEcho.xcodeproj */,
			);
			name = Framworks;
			sourceTree = "<group>";
		};
		2127D2321BAB1C9400424276 /* Products */ = {
			isa = PBXGroup;
			children = (
				2127D2371BAB1C9400424276 /* uEcho.framework */,
			);
			name = Products;
			sourceTree = "<group>";
		};
		215E12D91BAAEB60003C7FD9 = {
			isa = PBXGroup;
			children = (
				215E12E41BAAEB60003C7FD9 /* uEchoLightCtrl */,
				2127D2301BAB1C7300424276 /* Framworks */,
				215E12E31BAAEB60003C7FD9 /* Products */,
			);
			sourceTree = "<group>";
		};
		215E12E31BAAEB60003C7FD9 /* Products */ = {
			isa = PBXGroup;
			children = (
				215E12E21BAAEB60003C7FD9 /* uEchoLightCtrl.app */,
			);
			name = Products;
			sourceTree = "<group>";
		};
		215E12E41BAAEB60003C7FD9 /* uEchoLightCtrl */ = {
			isa = PBXGroup;
			children = (
				2127D25C1BAD10AF00424276 /* uEchoLightObject.swift */,
				2127D25A1BACFE7100424276 /* uEchoLightController.swift */,
				215E12E51BAAEB60003C7FD9 /* AppDelegate.swift */,
				215E12E71BAAEB60003C7FD9 /* MasterViewController.swift */,
				215E12E91BAAEB60003C7FD9 /* DetailViewController.swift */,
				215E12EB1BAAEB60003C7FD9 /* Main.storyboard */,
				215E12EE1BAAEB60003C7FD9 /* Assets.xcassets */,
				215E12F01BAAEB60003C7FD9 /* LaunchScreen.storyboard */,
				215E12F31BAAEB60003C7FD9 /* Info.plist */,
			);
			path = uEchoLightCtrl;
			sourceTree = "<group>";
		};
/* End PBXGroup section */

/* Begin PBXNativeTarget section */
		215E12E11BAAEB60003C7FD9 /* uEchoLightCtrl */ = {
			isa = PBXNativeTarget;
			buildConfigurationList = 215E12F61BAAEB60003C7FD9 /* Build configuration list for PBXNativeTarget "uEchoLightCtrl" */;
			buildPhases = (
				215E12DE1BAAEB60003C7FD9 /* Sources */,
				215E12DF1BAAEB60003C7FD9 /* Frameworks */,
				215E12E01BAAEB60003C7FD9 /* Resources */,
			);
			buildRules = (
			);
			dependencies = (
				2127D2391BAB1CD000424276 /* PBXTargetDependency */,
			);
			name = uEchoLightCtrl;
			productName = uEchoLightCtrl;
			productReference = 215E12E21BAAEB60003C7FD9 /* uEchoLightCtrl.app */;
			productType = "com.apple.product-type.application";
		};
/* End PBXNativeTarget section */

/* Begin PBXProject section */
		215E12DA1BAAEB60003C7FD9 /* Project object */ = {
			isa = PBXProject;
			attributes = {
				LastUpgradeCheck = 0700;
				ORGANIZATIONNAME = "Satoshi Konno";
				TargetAttributes = {
					215E12E11BAAEB60003C7FD9 = {
						CreatedOnToolsVersion = 7.0;
					};
				};
			};
			buildConfigurationList = 215E12DD1BAAEB60003C7FD9 /* Build configuration list for PBXProject "uEchoLightCtrl" */;
			compatibilityVersion = "Xcode 3.2";
			developmentRegion = English;
			hasScannedForEncodings = 0;
			knownRegions = (
				en,
				Base,
			);
			mainGroup = 215E12D91BAAEB60003C7FD9;
			productRefGroup = 215E12E31BAAEB60003C7FD9 /* Products */;
			projectDirPath = "";
			projectReferences = (
				{
					ProductGroup = 2127D2321BAB1C9400424276 /* Products */;
					ProjectRef = 2127D2311BAB1C9400424276 /* uEcho.xcodeproj */;
				},
			);
			projectRoot = "";
			targets = (
				215E12E11BAAEB60003C7FD9 /* uEchoLightCtrl */,
			);
		};
/* End PBXProject section */

/* Begin PBXReferenceProxy section */
		2127D2371BAB1C9400424276 /* uEcho.framework */ = {
			isa = PBXReferenceProxy;
			fileType = wrapper.framework;
			path = uEcho.framework;
			remoteRef = 2127D2361BAB1C9400424276 /* PBXContainerItemProxy */;
			sourceTree = BUILT_PRODUCTS_DIR;
		};
/* End PBXReferenceProxy section */

/* Begin PBXResourcesBuildPhase section */
		215E12E01BAAEB60003C7FD9 /* Resources */ = {
			isa = PBXResourcesBuildPhase;
			buildActionMask = 2147483647;
			files = (
				215E12F21BAAEB60003C7FD9 /* LaunchScreen.storyboard in Resources */,
				215E12EF1BAAEB60003C7FD9 /* Assets.xcassets in Resources */,
				215E12ED1BAAEB60003C7FD9 /* Main.storyboard in Resources */,
			);
			runOnlyForDeploymentPostprocessing = 0;
		};
/* End PBXResourcesBuildPhase section */

/* Begin PBXSourcesBuildPhase section */
		215E12DE1BAAEB60003C7FD9 /* Sources */ = {
			isa = PBXSourcesBuildPhase;
			buildActionMask = 2147483647;
			files = (
				215E12EA1BAAEB60003C7FD9 /* DetailViewController.swift in Sources */,
				2127D25D1BAD10AF00424276 /* uEchoLightObject.swift in Sources */,
				2127D25B1BACFE7100424276 /* uEchoLightController.swift in Sources */,
				215E12E81BAAEB60003C7FD9 /* MasterViewController.swift in Sources */,
				215E12E61BAAEB60003C7FD9 /* AppDelegate.swift in Sources */,
			);
			runOnlyForDeploymentPostprocessing = 0;
		};
/* End PBXSourcesBuildPhase section */

/* Begin PBXTargetDependency section */
		2127D2391BAB1CD000424276 /* PBXTargetDependency */ = {
			isa = PBXTargetDependency;
			name = uEcho;
			targetProxy = 2127D2381BAB1CD000424276 /* PBXContainerItemProxy */;
		};
/* End PBXTargetDependency section */

/* Begin PBXVariantGroup section */
		215E12EB1BAAEB60003C7FD9 /* Main.storyboard */ = {
			isa = PBXVariantGroup;
			children = (
				215E12EC1BAAEB60003C7FD9 /* Base */,
			);
			name = Main.storyboard;
			sourceTree = "<group>";
		};
		215E12F01BAAEB60003C7FD9 /* LaunchScreen.storyboard */ = {
			isa = PBXVariantGroup;
			children = (
				215E12F11BAAEB60003C7FD9 /* Base */,
			);
			name = LaunchScreen.storyboard;
			sourceTree = "<group>";
		};
/* End PBXVariantGroup section */

/* Begin XCBuildConfiguration section */
		215E12F41BAAEB60003C7FD9 /* Debug */ = {
			isa = XCBuildConfiguration;
			buildSettings = {
				ALWAYS_SEARCH_USER_PATHS = NO;
				CLANG_CXX_LANGUAGE_STANDARD = "gnu++0x";
				CLANG_CXX_LIBRARY = "libc++";
				CLANG_ENABLE_MODULES = YES;
				CLANG_ENABLE_OBJC_ARC = YES;
				CLANG_WARN_BOOL_CONVERSION = YES;
				CLANG_WARN_CONSTANT_CONVERSION = YES;
				CLANG_WARN_DIRECT_OBJC_ISA_USAGE = YES_ERROR;
				CLANG_WARN_EMPTY_BODY = YES;
				CLANG_WARN_ENUM_CONVERSION = YES;
				CLANG_WARN_INT_CONVERSION = YES;
				CLANG_WARN_OBJC_ROOT_CLASS = YES_ERROR;
				CLANG_WARN_UNREACHABLE_CODE = YES;
				CLANG_WARN__DUPLICATE_METHOD_MATCH = YES;
				"CODE_SIGN_IDENTITY[sdk=iphoneos*]" = "iPhone Developer";
				COPY_PHASE_STRIP = NO;
				DEBUG_INFORMATION_FORMAT = dwarf;
				ENABLE_STRICT_OBJC_MSGSEND = YES;
				ENABLE_TESTABILITY = YES;
				GCC_C_LANGUAGE_STANDARD = gnu99;
				GCC_DYNAMIC_NO_PIC = NO;
				GCC_NO_COMMON_BLOCKS = YES;
				GCC_OPTIMIZATION_LEVEL = 0;
				GCC_PREPROCESSOR_DEFINITIONS = (
					"DEBUG=1",
					"$(inherited)",
				);
				GCC_WARN_64_TO_32_BIT_CONVERSION = YES;
				GCC_WARN_ABOUT_RETURN_TYPE = YES_ERROR;
				GCC_WARN_UNDECLARED_SELECTOR = YES;
				GCC_WARN_UNINITIALIZED_AUTOS = YES_AGGRESSIVE;
				GCC_WARN_UNUSED_FUNCTION = YES;
				GCC_WARN_UNUSED_VARIABLE = YES;
				IPHONEOS_DEPLOYMENT_TARGET = 9.0;
				MTL_ENABLE_DEBUG_INFO = YES;
				ONLY_ACTIVE_ARCH = YES;
				SDKROOT = iphoneos;
				SWIFT_OPTIMIZATION_LEVEL = "-Onone";
				TARGETED_DEVICE_FAMILY = "1,2";
			};
			name = Debug;
		};
		215E12F51BAAEB60003C7FD9 /* Release */ = {
			isa = XCBuildConfiguration;
			buildSettings = {
				ALWAYS_SEARCH_USER_PATHS = NO;
				CLANG_CXX_LANGUAGE_STANDARD = "gnu++0x";
				CLANG_CXX_LIBRARY = "libc++";
				CLANG_ENABLE_MODULES = YES;
				CLANG_ENABLE_OBJC_ARC = YES;
				CLANG_WARN_BOOL_CONVERSION = YES;
				CLANG_WARN_CONSTANT_CONVERSION = YES;
				CLANG_WARN_DIRECT_OBJC_ISA_USAGE = YES_ERROR;
				CLANG_WARN_EMPTY_BODY = YES;
				CLANG_WARN_ENUM_CONVERSION = YES;
				CLANG_WARN_INT_CONVERSION = YES;
				CLANG_WARN_OBJC_ROOT_CLASS = YES_ERROR;
				CLANG_WARN_UNREACHABLE_CODE = YES;
				CLANG_WARN__DUPLICATE_METHOD_MATCH = YES;
				"CODE_SIGN_IDENTITY[sdk=iphoneos*]" = "iPhone Developer";
				COPY_PHASE_STRIP = NO;
				DEBUG_INFORMATION_FORMAT = "dwarf-with-dsym";
				ENABLE_NS_ASSERTIONS = NO;
				ENABLE_STRICT_OBJC_MSGSEND = YES;
				GCC_C_LANGUAGE_STANDARD = gnu99;
				GCC_NO_COMMON_BLOCKS = YES;
				GCC_WARN_64_TO_32_BIT_CONVERSION = YES;
				GCC_WARN_ABOUT_RETURN_TYPE = YES_ERROR;
				GCC_WARN_UNDECLARED_SELECTOR = YES;
				GCC_WARN_UNINITIALIZED_AUTOS = YES_AGGRESSIVE;
				GCC_WARN_UNUSED_FUNCTION = YES;
				GCC_WARN_UNUSED_VARIABLE = YES;
				IPHONEOS_DEPLOYMENT_TARGET = 9.0;
				MTL_ENABLE_DEBUG_INFO = NO;
				SDKROOT = iphoneos;
				TARGETED_DEVICE_FAMILY = "1,2";
				VALIDATE_PRODUCT = YES;
			};
			name = Release;
		};
		215E12F71BAAEB60003C7FD9 /* Debug */ = {
			isa = XCBuildConfiguration;
			buildSettings = {
				ASSETCATALOG_COMPILER_APPICON_NAME = AppIcon;
				INFOPLIST_FILE = uEchoLightCtrl/Info.plist;
				LD_RUNPATH_SEARCH_PATHS = "$(inherited) @executable_path/Frameworks";
				PRODUCT_BUNDLE_IDENTIFIER = org.cybergarage.uEchoLightCtrl;
				PRODUCT_NAME = "$(TARGET_NAME)";
			};
			name = Debug;
		};
		215E12F81BAAEB60003C7FD9 /* Release */ = {
			isa = XCBuildConfiguration;
			buildSettings = {
				ASSETCATALOG_COMPILER_APPICON_NAME = AppIcon;
				INFOPLIST_FILE = uEchoLightCtrl/Info.plist;
				LD_RUNPATH_SEARCH_PATHS = "$(inherited) @executable_path/Frameworks";
				PRODUCT_BUNDLE_IDENTIFIER = org.cybergarage.uEchoLightCtrl;
				PRODUCT_NAME = "$(TARGET_NAME)";
			};
			name = Release;
		};
/* End XCBuildConfiguration section */

/* Begin XCConfigurationList section */
		215E12DD1BAAEB60003C7FD9 /* Build configuration list for PBXProject "uEchoLightCtrl" */ = {
			isa = XCConfigurationList;
			buildConfigurations = (
				215E12F41BAAEB60003C7FD9 /* Debug */,
				215E12F51BAAEB60003C7FD9 /* Release */,
			);
			defaultConfigurationIsVisible = 0;
			defaultConfigurationName = Release;
		};
		215E12F61BAAEB60003C7FD9 /* Build configuration list for PBXNativeTarget "uEchoLightCtrl" */ = {
			isa = XCConfigurationList;
			buildConfigurations = (
				215E12F71BAAEB60003C7FD9 /* Debug */,
				215E12F81BAAEB60003C7FD9 /* Release */,
			);
			defaultConfigurationIsVisible = 0;
			defaultConfigurationName = Release;
		};
/* End XCConfigurationList section */
	};
	rootObject = 215E12DA1BAAEB60003C7FD9 /* Project object */;
}
